// !$*UTF8*$!
{
	archiveVersion = 1;
	classes = {
	};
	objectVersion = 77;
	objects = {

/* Begin PBXBuildFile section */
		00E0A286F26CA8AEE274F023 /* LiveGameActivityAttributes.swift in Sources */ = {isa = PBXBuildFile; fileRef = 52F837D57B975899B142B7F3 /* LiveGameActivityAttributes.swift */; };
		012DE7A72692474538915139 /* MenuBarGameSummaryMapper.swift in Sources */ = {isa = PBXBuildFile; fileRef = 2BFBA95BCA60FA7810B57CD6 /* MenuBarGameSummaryMapper.swift */; };
		041455D8ADA28FDDF6DC3AD0 /* MockGameRepository.swift in Sources */ = {isa = PBXBuildFile; fileRef = 9A6CC9BD25065338C93F1842 /* MockGameRepository.swift */; };
		044E3E7B3D87BB88B5335F41 /* KboSpacingToken.swift in Sources */ = {isa = PBXBuildFile; fileRef = 6F99D486EE9B83DC36298CDE /* KboSpacingToken.swift */; };
		057A70D1309C61C0461FD174 /* KboRadiusToken.swift in Sources */ = {isa = PBXBuildFile; fileRef = D30557F93ECD6E377217BB75 /* KboRadiusToken.swift */; };
		06DB4452DB4F2C93409B728F /* NC.png in Resources */ = {isa = PBXBuildFile; fileRef = 2A837357B11D9BFD3216A4DA /* NC.png */; };
		07A57D2ADDD501156CF3A911 /* MenuBarGameSummary.swift in Sources */ = {isa = PBXBuildFile; fileRef = C3CCC77B6A44AFF986BE6E8C /* MenuBarGameSummary.swift */; };
		09A9AA20C2B96A37DCFEB0B1 /* KboPrimaryActionButton.swift in Sources */ = {isa = PBXBuildFile; fileRef = 554A1540C411A99F6FC3A626 /* KboPrimaryActionButton.swift */; };
		0A0F5D933F3114BACF9EB5DD /* KboMetricRow.swift in Sources */ = {isa = PBXBuildFile; fileRef = 638123A5CA06544610145208 /* KboMetricRow.swift */; };
		0E579745990E6BCE39CCB671 /* GameRepository.swift in Sources */ = {isa = PBXBuildFile; fileRef = 858AFEDE6438D42D0ACE7705 /* GameRepository.swift */; };
		0EE1585CF024ADDA50418979 /* KboSpacingToken.swift in Sources */ = {isa = PBXBuildFile; fileRef = 6F99D486EE9B83DC36298CDE /* KboSpacingToken.swift */; };
		0FDEAD70C750BDDEE7A01190 /* MenuBarDashboardView.swift in Sources */ = {isa = PBXBuildFile; fileRef = 0F14CC290ED97830D3BFFAD1 /* MenuBarDashboardView.swift */; };
		102E48B2D17F353CAFDC211A /* GameDetailViewModel.swift in Sources */ = {isa = PBXBuildFile; fileRef = A2158310D98D121771C11DD5 /* GameDetailViewModel.swift */; };
		10BCE0A81779E6E48725C6A4 /* MenuBarGameSummary.swift in Sources */ = {isa = PBXBuildFile; fileRef = C3CCC77B6A44AFF986BE6E8C /* MenuBarGameSummary.swift */; };
		12DF55831FC29917CBFCFFA8 /* SampleGameFactory.swift in Sources */ = {isa = PBXBuildFile; fileRef = 9260D96448AE10F25C20DB26 /* SampleGameFactory.swift */; };
		13534206ED7CA679F7BDE94D /* KboGlassPanel.swift in Sources */ = {isa = PBXBuildFile; fileRef = 7C0BCCDF39099587EFE4A5FB /* KboGlassPanel.swift */; };
		13F8868AC62F6D8C9CDD8231 /* MenuBarGameSummaryMapper.swift in Sources */ = {isa = PBXBuildFile; fileRef = 2BFBA95BCA60FA7810B57CD6 /* MenuBarGameSummaryMapper.swift */; };
		1535CEE978803B80CB7F8978 /* KboGlassPanel.swift in Sources */ = {isa = PBXBuildFile; fileRef = 7C0BCCDF39099587EFE4A5FB /* KboGlassPanel.swift */; };
		170209AE039F28784C78EE5D /* TeamColorResolver.swift in Sources */ = {isa = PBXBuildFile; fileRef = 2ACFF97E39BE078C429098F5 /* TeamColorResolver.swift */; };
		17158AF7FB0B15A79494E6E6 /* ScoreDigitsView.swift in Sources */ = {isa = PBXBuildFile; fileRef = 98430CCC8189B75F88B812FD /* ScoreDigitsView.swift */; };
		179A98DB86DA2EDE1702242A /* KboControlToken.swift in Sources */ = {isa = PBXBuildFile; fileRef = 377CB07430236523622F00C5 /* KboControlToken.swift */; };
		1973D3ADB618FBF1372D4C34 /* GameDTO.swift in Sources */ = {isa = PBXBuildFile; fileRef = D462F621562EB9C3BDD5CF81 /* GameDTO.swift */; };
		19DED529309FF565FC48715E /* TodayGamesViewModel.swift in Sources */ = {isa = PBXBuildFile; fileRef = F560BB57EFA2F8B109601B05 /* TodayGamesViewModel.swift */; };
		1D5CE2A3421F5056D5810961 /* GameDetailScreen.swift in Sources */ = {isa = PBXBuildFile; fileRef = E286990675AF53E58A876F6D /* GameDetailScreen.swift */; };
		1F1C08095CB6E5F56CD8B19A /* KboTeamOption.swift in Sources */ = {isa = PBXBuildFile; fileRef = A4048DDAA5DB7D3A9B78B392 /* KboTeamOption.swift */; };
		20051C199AABB2DC6A49E69D /* KboSurfaceToken.swift in Sources */ = {isa = PBXBuildFile; fileRef = ED9E2C23EA76E492A852B234 /* KboSurfaceToken.swift */; };
		209760E73996CD271844ECE7 /* KboSurfaceToken.swift in Sources */ = {isa = PBXBuildFile; fileRef = ED9E2C23EA76E492A852B234 /* KboSurfaceToken.swift */; };
		2101ACF10F8B192749A4BF98 /* KboCommandBar.swift in Sources */ = {isa = PBXBuildFile; fileRef = 29611A483DBC1A46C51B34FE /* KboCommandBar.swift */; };
		21FA10490044AD08A6041023 /* WidgetGameSnapshotMapper.swift in Sources */ = {isa = PBXBuildFile; fileRef = AC156241B24A8F38DE0E32B8 /* WidgetGameSnapshotMapper.swift */; };
		22E6F453BDFD5CFF22CBF9D3 /* TodayGamesViewModel.swift in Sources */ = {isa = PBXBuildFile; fileRef = F560BB57EFA2F8B109601B05 /* TodayGamesViewModel.swift */; };
		245AA0D63DC4BC5E399A9AF6 /* BaseDiamondView.swift in Sources */ = {isa = PBXBuildFile; fileRef = A26DF245E991A188DDF5D19D /* BaseDiamondView.swift */; };
		257732F9310011276A4BB95F /* KboLiveHomeRootView.swift in Sources */ = {isa = PBXBuildFile; fileRef = 5070F61F85A0ED473884F3BB /* KboLiveHomeRootView.swift */; };
		2610E8B358C7D562676ABABC /* MyTeamSelectionStore.swift in Sources */ = {isa = PBXBuildFile; fileRef = CB67D0000CA13922E91F01FE /* MyTeamSelectionStore.swift */; };
		28B26AA71564639FCD351DA4 /* LG.png in Resources */ = {isa = PBXBuildFile; fileRef = C48C9530DAA7970AED6BC4DA /* LG.png */; };
		29C0BFB292CB3EA783E7CB39 /* PitchCountView.swift in Sources */ = {isa = PBXBuildFile; fileRef = 11EB6364D9E774CAD4FC5FDB /* PitchCountView.swift */; };
		29F2BEC32C60A59B0DA70B49 /* KboSpacingToken.swift in Sources */ = {isa = PBXBuildFile; fileRef = 6F99D486EE9B83DC36298CDE /* KboSpacingToken.swift */; };
		2A2EEAE980D1A59A76F90AC5 /* ActivityGameState.swift in Sources */ = {isa = PBXBuildFile; fileRef = C2C1B71B6B06E0A008D4EFF9 /* ActivityGameState.swift */; };
		2CB8E6B2F86B76BD4D433447 /* OutCountView.swift in Sources */ = {isa = PBXBuildFile; fileRef = 124ED7DD1CE51D329E5B54AD /* OutCountView.swift */; };
		2D1555F0CDBBCA2853D957C9 /* GameFeedClient.swift in Sources */ = {isa = PBXBuildFile; fileRef = A933A216D48A95FC01F1B764 /* GameFeedClient.swift */; };
		2D1D35F0D38F01FAB9F29A86 /* KboShadowToken.swift in Sources */ = {isa = PBXBuildFile; fileRef = 7A63CE0FD4450245094F1948 /* KboShadowToken.swift */; };
		30F907D292661686BB29D95A /* KboGlassPanel.swift in Sources */ = {isa = PBXBuildFile; fileRef = 7C0BCCDF39099587EFE4A5FB /* KboGlassPanel.swift */; };
		31B9C5D2A7E14B8E9F032A65 /* KboGlassToken.swift in Sources */ = {isa = PBXBuildFile; fileRef = 4D0F8A916C3E4F61B29C75E8 /* KboGlassToken.swift */; };
		35F55B26C36CCFC5E0731689 /* WidgetGameSnapshot.swift in Sources */ = {isa = PBXBuildFile; fileRef = B2FBF395F0C0973B1F683E06 /* WidgetGameSnapshot.swift */; };
		36000DCCFDC3F05CA6A461E5 /* InningStateView.swift in Sources */ = {isa = PBXBuildFile; fileRef = F52C5005821B88E6CB852256 /* InningStateView.swift */; };
		369D406063F719C37F85069B /* KboMetricRow.swift in Sources */ = {isa = PBXBuildFile; fileRef = 638123A5CA06544610145208 /* KboMetricRow.swift */; };
		37645D3C2EBBB5201C882C3A /* TodayGamesList.swift in Sources */ = {isa = PBXBuildFile; fileRef = DDBB27567CBFEC7419A1EAF5 /* TodayGamesList.swift */; };
		3771055287E807A86DA9562A /* BaseDiamondView.swift in Sources */ = {isa = PBXBuildFile; fileRef = A26DF245E991A188DDF5D19D /* BaseDiamondView.swift */; };
		38487670161414DFC5CBB4AA /* KboTeamOption.swift in Sources */ = {isa = PBXBuildFile; fileRef = A4048DDAA5DB7D3A9B78B392 /* KboTeamOption.swift */; };
		38F299CFEF2C8EE6760EF499 /* GameProjectionFormatter.swift in Sources */ = {isa = PBXBuildFile; fileRef = F3AFD2831E065F6CFE51E0B3 /* GameProjectionFormatter.swift */; };
		39272CE78D2E55A327D1966F /* SampleGameFactory.swift in Sources */ = {isa = PBXBuildFile; fileRef = 9260D96448AE10F25C20DB26 /* SampleGameFactory.swift */; };
		3948789402A84130E2686F15 /* NC.png in Resources */ = {isa = PBXBuildFile; fileRef = 2A837357B11D9BFD3216A4DA /* NC.png */; };
		3C061C52AA98CF7D04213319 /* TeamColorResolver.swift in Sources */ = {isa = PBXBuildFile; fileRef = 2ACFF97E39BE078C429098F5 /* TeamColorResolver.swift */; };
		3C4EC475AE35932CAE0D048D /* BaseDiamondView.swift in Sources */ = {isa = PBXBuildFile; fileRef = A26DF245E991A188DDF5D19D /* BaseDiamondView.swift */; };
		3F2501E7C1DD69ADADBFE2BA /* BackendSettingsView.swift in Sources */ = {isa = PBXBuildFile; fileRef = A686C354EF0ED378A734CE4C /* BackendSettingsView.swift */; };
		4301BFEF04E938C5B6A8D412 /* KboTypographyToken.swift in Sources */ = {isa = PBXBuildFile; fileRef = 5FAE26336A903AAF0A3B5267 /* KboTypographyToken.swift */; };
		45390FD6D0890EAC9106F33C /* TodayGameWidget.swift in Sources */ = {isa = PBXBuildFile; fileRef = 8BE6777EA72E07EB39F6A0C8 /* TodayGameWidget.swift */; };
		45580104672B612459210A6E /* KboSurfaceToken.swift in Sources */ = {isa = PBXBuildFile; fileRef = ED9E2C23EA76E492A852B234 /* KboSurfaceToken.swift */; };
		46D2AF91B8C745EEA032F7A6 /* KboGlassToken.swift in Sources */ = {isa = PBXBuildFile; fileRef = 4D0F8A916C3E4F61B29C75E8 /* KboGlassToken.swift */; };
		48634D965C07B6EFBA19F654 /* KboRadiusToken.swift in Sources */ = {isa = PBXBuildFile; fileRef = D30557F93ECD6E377217BB75 /* KboRadiusToken.swift */; };
		4904E60652BB609CED16C827 /* TodayGamesList.swift in Sources */ = {isa = PBXBuildFile; fileRef = DDBB27567CBFEC7419A1EAF5 /* TodayGamesList.swift */; };
		4BF4C9D7D1B23B69E55285A9 /* LiveBadgeView.swift in Sources */ = {isa = PBXBuildFile; fileRef = 977A783217C6C830D63E6805 /* LiveBadgeView.swift */; };
		4C992144F987A7572C206599 /* TeamColorPalette.swift in Sources */ = {isa = PBXBuildFile; fileRef = E52E1E0947A31920164810C7 /* TeamColorPalette.swift */; };
		4E49F5886A2B0F0028220D66 /* TeamBadgeView.swift in Sources */ = {isa = PBXBuildFile; fileRef = F9F9677C6F7731A6E3841ABE /* TeamBadgeView.swift */; };
		4EE4544F07AB413E9BE0DBEE /* GameProjectionFormatter.swift in Sources */ = {isa = PBXBuildFile; fileRef = F3AFD2831E065F6CFE51E0B3 /* GameProjectionFormatter.swift */; };
		4F18E0C538671DD04580CD5D /* SS.png in Resources */ = {isa = PBXBuildFile; fileRef = EA2D04833BC16C1D066F9750 /* SS.png */; };
		5172569E5B034F287BAB0973 /* KboMotionToken.swift in Sources */ = {isa = PBXBuildFile; fileRef = D7DD52C08C8040555947A491 /* KboMotionToken.swift */; };
		549FA42B882A0719AA7C45B4 /* ActivityGameState.swift in Sources */ = {isa = PBXBuildFile; fileRef = C2C1B71B6B06E0A008D4EFF9 /* ActivityGameState.swift */; };
		564A90FB8FDE2BCDC6EE446A /* AppRuntime.swift in Sources */ = {isa = PBXBuildFile; fileRef = 8D1278DBE81ECB048C453EE2 /* AppRuntime.swift */; };
		57DB3AFF7861D815CA0AB6BC /* KboLivemacOSApp.swift in Sources */ = {isa = PBXBuildFile; fileRef = 367EA61F763FBEE507EC308A /* KboLivemacOSApp.swift */; };
		5843F2ECD2CE5C56B70EBFB3 /* Game.swift in Sources */ = {isa = PBXBuildFile; fileRef = 170A03EF828CFD2DE490A3D9 /* Game.swift */; };
		586573288BA3F813BBCDE370 /* KboMetricRow.swift in Sources */ = {isa = PBXBuildFile; fileRef = 638123A5CA06544610145208 /* KboMetricRow.swift */; };
		58BBD4CFEEE8CA303A78AAF7 /* SS.png in Resources */ = {isa = PBXBuildFile; fileRef = EA2D04833BC16C1D066F9750 /* SS.png */; };
		5A162B5EA0DB51985E6B126C /* KboTypographyToken.swift in Sources */ = {isa = PBXBuildFile; fileRef = 5FAE26336A903AAF0A3B5267 /* KboTypographyToken.swift */; };
		5CE438193D390802A4E78EBD /* GameDetailView.swift in Sources */ = {isa = PBXBuildFile; fileRef = B69A1866B76532FFC55C6334 /* GameDetailView.swift */; };
		5D6BDFFA9477E1CA31E04FA8 /* KboTheme.swift in Sources */ = {isa = PBXBuildFile; fileRef = 59579DB8DE6E2D5FE9BEA6F5 /* KboTheme.swift */; };
		5DF50735DD043B4C6B37097F /* PitchCountView.swift in Sources */ = {isa = PBXBuildFile; fileRef = 11EB6364D9E774CAD4FC5FDB /* PitchCountView.swift */; };
		5E5353A315CF89CCCFFFA216 /* KboTeamOption.swift in Sources */ = {isa = PBXBuildFile; fileRef = A4048DDAA5DB7D3A9B78B392 /* KboTeamOption.swift */; };
		5E620AB33256372F1387B7CD /* LiveGamePollingService.swift in Sources */ = {isa = PBXBuildFile; fileRef = 5912C9F0E2642AABD5754AE6 /* LiveGamePollingService.swift */; };
		5E900C6D6BDF0A8ECAE52776 /* KboLiveAPIClient.swift in Sources */ = {isa = PBXBuildFile; fileRef = 27CFE3D6A0EC0BFA0298E27B /* KboLiveAPIClient.swift */; };
		5FA3EB4F8A554F85EE2273F9 /* LiveBadgeView.swift in Sources */ = {isa = PBXBuildFile; fileRef = 977A783217C6C830D63E6805 /* LiveBadgeView.swift */; };
		6119B59B1A57B2D9336A1913 /* KboLiveEnvironment.swift in Sources */ = {isa = PBXBuildFile; fileRef = C3E1DDC846D9737E866A2B4A /* KboLiveEnvironment.swift */; };
		636DC679E0CAE2AB0E5AE3D2 /* GameDTOMapper.swift in Sources */ = {isa = PBXBuildFile; fileRef = FCD0AA2301EB0C580346526B /* GameDTOMapper.swift */; };
		63F9EF7CDD8392871D5118BA /* KboLiveAPIClient.swift in Sources */ = {isa = PBXBuildFile; fileRef = 27CFE3D6A0EC0BFA0298E27B /* KboLiveAPIClient.swift */; };
		645112421C6C2D6AEDAC4005 /* SettingsView.swift in Sources */ = {isa = PBXBuildFile; fileRef = B552D9873A04FC7F241B1181 /* SettingsView.swift */; };
		6571B7173191366D1255502F /* SK.png in Resources */ = {isa = PBXBuildFile; fileRef = 9D1D5D08B71C14FE895639D7 /* SK.png */; };
		663B9A30F470D0127B96585D /* KboLiveAPIClient.swift in Sources */ = {isa = PBXBuildFile; fileRef = 27CFE3D6A0EC0BFA0298E27B /* KboLiveAPIClient.swift */; };
		6657BF988C213A405AD4ED7B /* KboPrimaryActionButton.swift in Sources */ = {isa = PBXBuildFile; fileRef = 554A1540C411A99F6FC3A626 /* KboPrimaryActionButton.swift */; };
		675C0EDFC451C47CD3A97503 /* MockGameRepository.swift in Sources */ = {isa = PBXBuildFile; fileRef = 9A6CC9BD25065338C93F1842 /* MockGameRepository.swift */; };
		698EA0A97ADAE77C41B11098 /* KboLiveEnvironment.swift in Sources */ = {isa = PBXBuildFile; fileRef = C3E1DDC846D9737E866A2B4A /* KboLiveEnvironment.swift */; };
		6A03EFDDB85FF8F45A5882B8 /* GameDTOMapper.swift in Sources */ = {isa = PBXBuildFile; fileRef = FCD0AA2301EB0C580346526B /* GameDTOMapper.swift */; };
		6A88F6E1E2A35A4C5828675F /* GameDetailView.swift in Sources */ = {isa = PBXBuildFile; fileRef = B69A1866B76532FFC55C6334 /* GameDetailView.swift */; };
		6B2E2EBDF67C40341CD8EE26 /* KboSemanticColorToken.swift in Sources */ = {isa = PBXBuildFile; fileRef = C92618984EEFA0FFD270B27E /* KboSemanticColorToken.swift */; };
		6B66BADA2326DB834259EC28 /* GameFeedClient.swift in Sources */ = {isa = PBXBuildFile; fileRef = A933A216D48A95FC01F1B764 /* GameFeedClient.swift */; };
		6C905BCB71B038E3C812C748 /* LT.png in Resources */ = {isa = PBXBuildFile; fileRef = C24D68EAD2FADAC6B1466068 /* LT.png */; };
		6CF626E28CEB06C2D5A7D065 /* WidgetGameSnapshot.swift in Sources */ = {isa = PBXBuildFile; fileRef = B2FBF395F0C0973B1F683E06 /* WidgetGameSnapshot.swift */; };
		6E33ABDF19750FC9D50B7DCD /* AppRuntime.swift in Sources */ = {isa = PBXBuildFile; fileRef = 8D1278DBE81ECB048C453EE2 /* AppRuntime.swift */; };
		6E5223B1071AA1C69343AA08 /* KboTheme.swift in Sources */ = {isa = PBXBuildFile; fileRef = 59579DB8DE6E2D5FE9BEA6F5 /* KboTheme.swift */; };
		6F7504FF46E75CDF7227B718 /* KboRadiusToken.swift in Sources */ = {isa = PBXBuildFile; fileRef = D30557F93ECD6E377217BB75 /* KboRadiusToken.swift */; };
		724D6360B94D6093EE2796A9 /* TodayGamesList.swift in Sources */ = {isa = PBXBuildFile; fileRef = DDBB27567CBFEC7419A1EAF5 /* TodayGamesList.swift */; };
		74897888F5C194DF3EBDCE0D /* Game.swift in Sources */ = {isa = PBXBuildFile; fileRef = 170A03EF828CFD2DE490A3D9 /* Game.swift */; };
		74DA1B400981530AF9E1B0B4 /* TodayGamesView.swift in Sources */ = {isa = PBXBuildFile; fileRef = 4DD4549DE87B250463A5D190 /* TodayGamesView.swift */; };
		7506F7B9BB6CF763F7800951 /* LG.png in Resources */ = {isa = PBXBuildFile; fileRef = C48C9530DAA7970AED6BC4DA /* LG.png */; };
		756106FCD08AECB57EAECB18 /* TeamBadgeView.swift in Sources */ = {isa = PBXBuildFile; fileRef = F9F9677C6F7731A6E3841ABE /* TeamBadgeView.swift */; };
		77513558B3FF1DA24CCF6C36 /* LiveGameActivityAttributes.swift in Sources */ = {isa = PBXBuildFile; fileRef = 52F837D57B975899B142B7F3 /* LiveGameActivityAttributes.swift */; };
		78517F82C681827CC6FEE6F5 /* GameDTO.swift in Sources */ = {isa = PBXBuildFile; fileRef = D462F621562EB9C3BDD5CF81 /* GameDTO.swift */; };
		7B13C817D0BD3F2B27CF2B94 /* KboColorToken.swift in Sources */ = {isa = PBXBuildFile; fileRef = E0E7F4854A1805B2F7C22149 /* KboColorToken.swift */; };
		7D46A7356C1914B9A203817A /* OutCountView.swift in Sources */ = {isa = PBXBuildFile; fileRef = 124ED7DD1CE51D329E5B54AD /* OutCountView.swift */; };
		7D57DB3CE981C1C7BD368BC5 /* GameDetailViewModel.swift in Sources */ = {isa = PBXBuildFile; fileRef = A2158310D98D121771C11DD5 /* GameDetailViewModel.swift */; };
		826D8A62458C005FA09DC655 /* BackendSettingsModel.swift in Sources */ = {isa = PBXBuildFile; fileRef = 56D012C3EDB6E731C77F133C /* BackendSettingsModel.swift */; };
		8C784409547ECDDCA034B677 /* KboLiveWidgetBundle.swift in Sources */ = {isa = PBXBuildFile; fileRef = 9EA6750E0EA4DDD3FF969124 /* KboLiveWidgetBundle.swift */; };
		8D485CB475B6B8486C143BAE /* SK.png in Resources */ = {isa = PBXBuildFile; fileRef = 9D1D5D08B71C14FE895639D7 /* SK.png */; };
		8D4F6DE8251E6EC945715700 /* AppSettingsView.swift in Sources */ = {isa = PBXBuildFile; fileRef = 641400291B2478DDC4767E59 /* AppSettingsView.swift */; };
		8D6A4FCDEDC311F2EEBB59C4 /* LT.png in Resources */ = {isa = PBXBuildFile; fileRef = C24D68EAD2FADAC6B1466068 /* LT.png */; };
		8E0A127C3FC0A676CB028BAE /* KboLiveiOSApp.swift in Sources */ = {isa = PBXBuildFile; fileRef = 7FE5DC9EA71E1B3B98EAEC91 /* KboLiveiOSApp.swift */; };
		8E480801FECD4F9588916826 /* KboEmptyStateView.swift in Sources */ = {isa = PBXBuildFile; fileRef = 85B79222474193C056684971 /* KboEmptyStateView.swift */; };
		901B1309FA1793B144719F02 /* WO.png in Resources */ = {isa = PBXBuildFile; fileRef = AB8CD0BF0D2625C7794E5A65 /* WO.png */; };
		91B73255E9287DF331323278 /* KboLiveEnvironment.swift in Sources */ = {isa = PBXBuildFile; fileRef = C3E1DDC846D9737E866A2B4A /* KboLiveEnvironment.swift */; };
		9246339BCC9A4ACF41A03ED4 /* KboStatusPill.swift in Sources */ = {isa = PBXBuildFile; fileRef = 57EEBF1A3219C0B0ACDF0E7C /* KboStatusPill.swift */; };
		92997E0BDA796CDA508E5247 /* ActivityGameState.swift in Sources */ = {isa = PBXBuildFile; fileRef = C2C1B71B6B06E0A008D4EFF9 /* ActivityGameState.swift */; };
		9486067A617366D63056840D /* Game.swift in Sources */ = {isa = PBXBuildFile; fileRef = 170A03EF828CFD2DE490A3D9 /* Game.swift */; };
		9533E6F37E8CF15563989B66 /* WidgetGameSnapshotMapper.swift in Sources */ = {isa = PBXBuildFile; fileRef = AC156241B24A8F38DE0E32B8 /* WidgetGameSnapshotMapper.swift */; };
		97A2220D80C78EC74D53CECE /* AppNavigationModel.swift in Sources */ = {isa = PBXBuildFile; fileRef = C7CAD9358DA427001339338C /* AppNavigationModel.swift */; };
		984C486CD2B22F0DF5A529FA /* InningStateView.swift in Sources */ = {isa = PBXBuildFile; fileRef = F52C5005821B88E6CB852256 /* InningStateView.swift */; };
		9BACF4B3A8D89F21B95F020A /* HT.png in Resources */ = {isa = PBXBuildFile; fileRef = 5E47031A8A835FE772BAC3BE /* HT.png */; };
		9D35A891F5413AA55697F6A9 /* ActivityGameStateMapper.swift in Sources */ = {isa = PBXBuildFile; fileRef = 926BDC39BB01A80C4EDB3F95 /* ActivityGameStateMapper.swift */; };
		9E58C9FE2CEFF1F40C0EC766 /* TeamBadgeView.swift in Sources */ = {isa = PBXBuildFile; fileRef = F9F9677C6F7731A6E3841ABE /* TeamBadgeView.swift */; };
		A0504C5C88EBEFE93DE6819E /* TeamColorPalette.swift in Sources */ = {isa = PBXBuildFile; fileRef = E52E1E0947A31920164810C7 /* TeamColorPalette.swift */; };
		A1AD62B0C48A1F8ED91B8561 /* TodayGamesView.swift in Sources */ = {isa = PBXBuildFile; fileRef = 4DD4549DE87B250463A5D190 /* TodayGamesView.swift */; };
		A1F7F24F1BC6C641EE25F0DC /* MockGameRepository.swift in Sources */ = {isa = PBXBuildFile; fileRef = 9A6CC9BD25065338C93F1842 /* MockGameRepository.swift */; };
		A46BE51A9E532853C62E0291 /* KboShadowToken.swift in Sources */ = {isa = PBXBuildFile; fileRef = 7A63CE0FD4450245094F1948 /* KboShadowToken.swift */; };
		A541406E1E38562ADC6227FE /* ActivityGameStateMapper.swift in Sources */ = {isa = PBXBuildFile; fileRef = 926BDC39BB01A80C4EDB3F95 /* ActivityGameStateMapper.swift */; };
		A616E9B180EEEEB664ABF568 /* LiveGameActivityAttributes.swift in Sources */ = {isa = PBXBuildFile; fileRef = 52F837D57B975899B142B7F3 /* LiveGameActivityAttributes.swift */; };
		A6702737593962EB4F429056 /* KboEmptyStateView.swift in Sources */ = {isa = PBXBuildFile; fileRef = 85B79222474193C056684971 /* KboEmptyStateView.swift */; };
		A864569286F69EA324D8FFEE /* KboStatusPill.swift in Sources */ = {isa = PBXBuildFile; fileRef = 57EEBF1A3219C0B0ACDF0E7C /* KboStatusPill.swift */; };
		AB3FE6A98FE11BB99580CF62 /* LiveGameActivityController.swift in Sources */ = {isa = PBXBuildFile; fileRef = 4871B27DCDD1FA6DF5CFB331 /* LiveGameActivityController.swift */; };
		AE7EA92C4A853E631FF35131 /* KboShadowToken.swift in Sources */ = {isa = PBXBuildFile; fileRef = 7A63CE0FD4450245094F1948 /* KboShadowToken.swift */; };
		AE84524143EA35BB7BD1E254 /* MenuBarGameSummary.swift in Sources */ = {isa = PBXBuildFile; fileRef = C3CCC77B6A44AFF986BE6E8C /* MenuBarGameSummary.swift */; };
		AF5065F26E82AA7935334722 /* KboEmptyStateView.swift in Sources */ = {isa = PBXBuildFile; fileRef = 85B79222474193C056684971 /* KboEmptyStateView.swift */; };
		B032538B0C0932B48A735208 /* HT.png in Resources */ = {isa = PBXBuildFile; fileRef = 5E47031A8A835FE772BAC3BE /* HT.png */; };
		B114EB52AE9B85672EC6A123 /* KboStatusPill.swift in Sources */ = {isa = PBXBuildFile; fileRef = 57EEBF1A3219C0B0ACDF0E7C /* KboStatusPill.swift */; };
		B4152DB64F9743733DF7FBFC /* GameRepository.swift in Sources */ = {isa = PBXBuildFile; fileRef = 858AFEDE6438D42D0ACE7705 /* GameRepository.swift */; };
		B529C17FBF27DDF735D01AA8 /* GameDetailScreen.swift in Sources */ = {isa = PBXBuildFile; fileRef = E286990675AF53E58A876F6D /* GameDetailScreen.swift */; };
		B54E158F07148B744A9E97F8 /* MyTeamSelectionStore.swift in Sources */ = {isa = PBXBuildFile; fileRef = CB67D0000CA13922E91F01FE /* MyTeamSelectionStore.swift */; };
		B6FC668C93BF466C9F4AF924 /* InningStateView.swift in Sources */ = {isa = PBXBuildFile; fileRef = F52C5005821B88E6CB852256 /* InningStateView.swift */; };
		B819A244F4690530EB6F347B /* KboSemanticColorToken.swift in Sources */ = {isa = PBXBuildFile; fileRef = C92618984EEFA0FFD270B27E /* KboSemanticColorToken.swift */; };
		B9131E3587EB828C77AEA6C3 /* HH.png in Resources */ = {isa = PBXBuildFile; fileRef = EB9E42778130C35C55386ADC /* HH.png */; };
		BAE6701572FE51B76997999C /* ScoreDigitsView.swift in Sources */ = {isa = PBXBuildFile; fileRef = 98430CCC8189B75F88B812FD /* ScoreDigitsView.swift */; };
		BCAD006FAEAD802C136A6FD8 /* KboColorToken.swift in Sources */ = {isa = PBXBuildFile; fileRef = E0E7F4854A1805B2F7C22149 /* KboColorToken.swift */; };
		BDE57F9CDAE6E417B76F420D /* KboLiveWidgetExtension.appex in Embed Foundation Extensions */ = {isa = PBXBuildFile; fileRef = 88D36275489AE276CDAEA2B5 /* KboLiveWidgetExtension.appex */; settings = {ATTRIBUTES = (RemoveHeadersOnCopy, ); }; };
		C084367D62D0582223E2CD07 /* KboColorToken.swift in Sources */ = {isa = PBXBuildFile; fileRef = E0E7F4854A1805B2F7C22149 /* KboColorToken.swift */; };
		C1460717A6BE0085629963E5 /* PitchCountView.swift in Sources */ = {isa = PBXBuildFile; fileRef = 11EB6364D9E774CAD4FC5FDB /* PitchCountView.swift */; };
		C195AC5FBCB4C38EFFBE3A9B /* BackendSettingsView.swift in Sources */ = {isa = PBXBuildFile; fileRef = A686C354EF0ED378A734CE4C /* BackendSettingsView.swift */; };
		C1B07FC813AC116DACF69528 /* OutCountView.swift in Sources */ = {isa = PBXBuildFile; fileRef = 124ED7DD1CE51D329E5B54AD /* OutCountView.swift */; };
		C1F29FCD19AC1BED9E08DEA1 /* KboMotionToken.swift in Sources */ = {isa = PBXBuildFile; fileRef = D7DD52C08C8040555947A491 /* KboMotionToken.swift */; };
		C3A0B3C07F0832219BB500CD /* GameProjectionFormatter.swift in Sources */ = {isa = PBXBuildFile; fileRef = F3AFD2831E065F6CFE51E0B3 /* GameProjectionFormatter.swift */; };
		C438FB8E9398F2E47B990A9A /* WidgetGameSnapshotMapper.swift in Sources */ = {isa = PBXBuildFile; fileRef = AC156241B24A8F38DE0E32B8 /* WidgetGameSnapshotMapper.swift */; };
		C44FEB7D26B41C46DE6E5582 /* KboTheme.swift in Sources */ = {isa = PBXBuildFile; fileRef = 59579DB8DE6E2D5FE9BEA6F5 /* KboTheme.swift */; };
		C475DDD0F0AFA853C3217CBF /* KboMotionToken.swift in Sources */ = {isa = PBXBuildFile; fileRef = D7DD52C08C8040555947A491 /* KboMotionToken.swift */; };
		C7350E9F6F9242B58D4E3A10 /* KboGlassToken.swift in Sources */ = {isa = PBXBuildFile; fileRef = 4D0F8A916C3E4F61B29C75E8 /* KboGlassToken.swift */; };
		C591CE4C5DB0022E1042BE39 /* KboCommandBar.swift in Sources */ = {isa = PBXBuildFile; fileRef = 29611A483DBC1A46C51B34FE /* KboCommandBar.swift */; };
		C5EEBB915C1C4B0F04E3E1AE /* KboPrimaryActionButton.swift in Sources */ = {isa = PBXBuildFile; fileRef = 554A1540C411A99F6FC3A626 /* KboPrimaryActionButton.swift */; };
		C66965BA3D5289A471C2E354 /* KboTypographyToken.swift in Sources */ = {isa = PBXBuildFile; fileRef = 5FAE26336A903AAF0A3B5267 /* KboTypographyToken.swift */; };
		C6A93582C4BEBAFC1A605E25 /* TeamColorPalette.swift in Sources */ = {isa = PBXBuildFile; fileRef = E52E1E0947A31920164810C7 /* TeamColorPalette.swift */; };
		C722EF5B36D5ECD40F616514 /* ActivityGameStateMapper.swift in Sources */ = {isa = PBXBuildFile; fileRef = 926BDC39BB01A80C4EDB3F95 /* ActivityGameStateMapper.swift */; };
		C74A39F0326909378AAF0289 /* GameFeed.swift in Sources */ = {isa = PBXBuildFile; fileRef = 3F45520806D38A86D25558BC /* GameFeed.swift */; };
		C9E47EB9EFC8965AA913A7A8 /* AppNavigationModel.swift in Sources */ = {isa = PBXBuildFile; fileRef = C7CAD9358DA427001339338C /* AppNavigationModel.swift */; };
		C9E5EF6F6F4D109D46340626 /* OB.png in Resources */ = {isa = PBXBuildFile; fileRef = DE84ACB97607A2822AF55531 /* OB.png */; };
		CA1592DF8D923A46E3A4AEDC /* KboCommandBar.swift in Sources */ = {isa = PBXBuildFile; fileRef = 29611A483DBC1A46C51B34FE /* KboCommandBar.swift */; };
		CA6ED52AE8F0E13DA616004C /* LiveGameActivityController.swift in Sources */ = {isa = PBXBuildFile; fileRef = 4871B27DCDD1FA6DF5CFB331 /* LiveGameActivityController.swift */; };
		CCCCB8B28F543ABB048AF9F7 /* LiveGamePollingService.swift in Sources */ = {isa = PBXBuildFile; fileRef = 5912C9F0E2642AABD5754AE6 /* LiveGamePollingService.swift */; };
		CDD58702F1210A9999A66ED4 /* GameFeedClient.swift in Sources */ = {isa = PBXBuildFile; fileRef = A933A216D48A95FC01F1B764 /* GameFeedClient.swift */; };
		CDE6BAED23FC0EC0AAAD5C67 /* ScoreDigitsView.swift in Sources */ = {isa = PBXBuildFile; fileRef = 98430CCC8189B75F88B812FD /* ScoreDigitsView.swift */; };
		CFD95D6DC9820E07E2D12F3E /* SampleGameFactory.swift in Sources */ = {isa = PBXBuildFile; fileRef = 9260D96448AE10F25C20DB26 /* SampleGameFactory.swift */; };
		D0BC9F5051A6D395A94B53CB /* GameDTO.swift in Sources */ = {isa = PBXBuildFile; fileRef = D462F621562EB9C3BDD5CF81 /* GameDTO.swift */; };
		D3797EC776FF669DA055E102 /* KT.png in Resources */ = {isa = PBXBuildFile; fileRef = 8805E55C67E4AD75C8F65B17 /* KT.png */; };
		D9171F6CA0738181EB337E38 /* KT.png in Resources */ = {isa = PBXBuildFile; fileRef = 8805E55C67E4AD75C8F65B17 /* KT.png */; };
		DCC65A066CEA014A5696E612 /* HH.png in Resources */ = {isa = PBXBuildFile; fileRef = EB9E42778130C35C55386ADC /* HH.png */; };
		DDD250FDF9E2EC00B76D4F85 /* AppSettingsView.swift in Sources */ = {isa = PBXBuildFile; fileRef = 641400291B2478DDC4767E59 /* AppSettingsView.swift */; };
		DF1F89CC0C80E20E83FF7568 /* WidgetGameSnapshot.swift in Sources */ = {isa = PBXBuildFile; fileRef = B2FBF395F0C0973B1F683E06 /* WidgetGameSnapshot.swift */; };
		E05177BFE30B0BB424B82BC8 /* TeamColorResolver.swift in Sources */ = {isa = PBXBuildFile; fileRef = 2ACFF97E39BE078C429098F5 /* TeamColorResolver.swift */; };
		E2E1A0E6890B24F1B7AE7435 /* KboLiveHomeRootView.swift in Sources */ = {isa = PBXBuildFile; fileRef = 5070F61F85A0ED473884F3BB /* KboLiveHomeRootView.swift */; };
		E44FAE95235AF0D9B1962AD1 /* GameRepository.swift in Sources */ = {isa = PBXBuildFile; fileRef = 858AFEDE6438D42D0ACE7705 /* GameRepository.swift */; };
		E5FA3D50E3CDBA4EE6EBF799 /* GameDTOMapper.swift in Sources */ = {isa = PBXBuildFile; fileRef = FCD0AA2301EB0C580346526B /* GameDTOMapper.swift */; };
		E6B9170AE89CFFF4B32D212D /* LiveBadgeView.swift in Sources */ = {isa = PBXBuildFile; fileRef = 977A783217C6C830D63E6805 /* LiveBadgeView.swift */; };
		E90BDAF6BFA21546EBFC9E54 /* GameFeed.swift in Sources */ = {isa = PBXBuildFile; fileRef = 3F45520806D38A86D25558BC /* GameFeed.swift */; };
		E9399557193DA04A7AB39E16 /* KboControlToken.swift in Sources */ = {isa = PBXBuildFile; fileRef = 377CB07430236523622F00C5 /* KboControlToken.swift */; };
		E9DE1F1F00674703965D5AF7 /* BackendSettingsModel.swift in Sources */ = {isa = PBXBuildFile; fileRef = 56D012C3EDB6E731C77F133C /* BackendSettingsModel.swift */; };
		EAAA8C22A967364C708E588A /* WO.png in Resources */ = {isa = PBXBuildFile; fileRef = AB8CD0BF0D2625C7794E5A65 /* WO.png */; };
		EF290DE02547345C176965AF /* KboControlToken.swift in Sources */ = {isa = PBXBuildFile; fileRef = 377CB07430236523622F00C5 /* KboControlToken.swift */; };
		F1504B82B238696665DE7FFD /* LiveGameActivityWidget.swift in Sources */ = {isa = PBXBuildFile; fileRef = EA2F021CB0CD8EC5A3222F8F /* LiveGameActivityWidget.swift */; };
		F584C26D2FE8B04B56A0BAE7 /* MenuBarGameSummaryMapper.swift in Sources */ = {isa = PBXBuildFile; fileRef = 2BFBA95BCA60FA7810B57CD6 /* MenuBarGameSummaryMapper.swift */; };
		F72E15D45B7B6A34339234B2 /* OB.png in Resources */ = {isa = PBXBuildFile; fileRef = DE84ACB97607A2822AF55531 /* OB.png */; };
		F7C59E5F8C3AD25E7FBA8115 /* LiveGamePollingService.swift in Sources */ = {isa = PBXBuildFile; fileRef = 5912C9F0E2642AABD5754AE6 /* LiveGamePollingService.swift */; };
		FB9B7C266D927D8804904763 /* GameFeed.swift in Sources */ = {isa = PBXBuildFile; fileRef = 3F45520806D38A86D25558BC /* GameFeed.swift */; };
		FE4B728439AA0B86E5BFC5AF /* KboSemanticColorToken.swift in Sources */ = {isa = PBXBuildFile; fileRef = C92618984EEFA0FFD270B27E /* KboSemanticColorToken.swift */; };
/* End PBXBuildFile section */

/* Begin PBXContainerItemProxy section */
		982CEA457AE1C95E5439408B /* PBXContainerItemProxy */ = {
			isa = PBXContainerItemProxy;
			containerPortal = 5861B555379612906FE1F28A /* Project object */;
			proxyType = 1;
			remoteGlobalIDString = 2B4044786251DFF0C966D936;
			remoteInfo = KboLiveWidgetExtension;
		};
/* End PBXContainerItemProxy section */

/* Begin PBXCopyFilesBuildPhase section */
		D0390CE9A6B44EB4585C918A /* Embed Foundation Extensions */ = {
			isa = PBXCopyFilesBuildPhase;
			buildActionMask = 2147483647;
			dstPath = "";
			dstSubfolderSpec = 13;
			files = (
				BDE57F9CDAE6E417B76F420D /* KboLiveWidgetExtension.appex in Embed Foundation Extensions */,
			);
			name = "Embed Foundation Extensions";
			runOnlyForDeploymentPostprocessing = 0;
		};
/* End PBXCopyFilesBuildPhase section */

/* Begin PBXFileReference section */
		0F14CC290ED97830D3BFFAD1 /* MenuBarDashboardView.swift */ = {isa = PBXFileReference; lastKnownFileType = sourcecode.swift; path = MenuBarDashboardView.swift; sourceTree = "<group>"; };
		11EB6364D9E774CAD4FC5FDB /* PitchCountView.swift */ = {isa = PBXFileReference; lastKnownFileType = sourcecode.swift; path = PitchCountView.swift; sourceTree = "<group>"; };
		124ED7DD1CE51D329E5B54AD /* OutCountView.swift */ = {isa = PBXFileReference; lastKnownFileType = sourcecode.swift; path = OutCountView.swift; sourceTree = "<group>"; };
		170A03EF828CFD2DE490A3D9 /* Game.swift */ = {isa = PBXFileReference; lastKnownFileType = sourcecode.swift; path = Game.swift; sourceTree = "<group>"; };
		27CFE3D6A0EC0BFA0298E27B /* KboLiveAPIClient.swift */ = {isa = PBXFileReference; lastKnownFileType = sourcecode.swift; path = KboLiveAPIClient.swift; sourceTree = "<group>"; };
		29611A483DBC1A46C51B34FE /* KboCommandBar.swift */ = {isa = PBXFileReference; lastKnownFileType = sourcecode.swift; path = KboCommandBar.swift; sourceTree = "<group>"; };
		2A837357B11D9BFD3216A4DA /* NC.png */ = {isa = PBXFileReference; lastKnownFileType = image.png; path = NC.png; sourceTree = "<group>"; };
		2ACFF97E39BE078C429098F5 /* TeamColorResolver.swift */ = {isa = PBXFileReference; lastKnownFileType = sourcecode.swift; path = TeamColorResolver.swift; sourceTree = "<group>"; };
		2BFBA95BCA60FA7810B57CD6 /* MenuBarGameSummaryMapper.swift */ = {isa = PBXFileReference; lastKnownFileType = sourcecode.swift; path = MenuBarGameSummaryMapper.swift; sourceTree = "<group>"; };
		367EA61F763FBEE507EC308A /* KboLivemacOSApp.swift */ = {isa = PBXFileReference; lastKnownFileType = sourcecode.swift; path = KboLivemacOSApp.swift; sourceTree = "<group>"; };
		36ADC9E8E692729D597A76EE /* KboLivemacOS.app */ = {isa = PBXFileReference; explicitFileType = wrapper.application; includeInIndex = 0; path = KboLivemacOS.app; sourceTree = BUILT_PRODUCTS_DIR; };
		377CB07430236523622F00C5 /* KboControlToken.swift */ = {isa = PBXFileReference; lastKnownFileType = sourcecode.swift; path = KboControlToken.swift; sourceTree = "<group>"; };
		3F45520806D38A86D25558BC /* GameFeed.swift */ = {isa = PBXFileReference; lastKnownFileType = sourcecode.swift; path = GameFeed.swift; sourceTree = "<group>"; };
		4871B27DCDD1FA6DF5CFB331 /* LiveGameActivityController.swift */ = {isa = PBXFileReference; lastKnownFileType = sourcecode.swift; path = LiveGameActivityController.swift; sourceTree = "<group>"; };
		4DD4549DE87B250463A5D190 /* TodayGamesView.swift */ = {isa = PBXFileReference; lastKnownFileType = sourcecode.swift; path = TodayGamesView.swift; sourceTree = "<group>"; };
		4D0F8A916C3E4F61B29C75E8 /* KboGlassToken.swift */ = {isa = PBXFileReference; lastKnownFileType = sourcecode.swift; path = KboGlassToken.swift; sourceTree = "<group>"; };
		5070F61F85A0ED473884F3BB /* KboLiveHomeRootView.swift */ = {isa = PBXFileReference; lastKnownFileType = sourcecode.swift; path = KboLiveHomeRootView.swift; sourceTree = "<group>"; };
		52F837D57B975899B142B7F3 /* LiveGameActivityAttributes.swift */ = {isa = PBXFileReference; lastKnownFileType = sourcecode.swift; path = LiveGameActivityAttributes.swift; sourceTree = "<group>"; };
		554A1540C411A99F6FC3A626 /* KboPrimaryActionButton.swift */ = {isa = PBXFileReference; lastKnownFileType = sourcecode.swift; path = KboPrimaryActionButton.swift; sourceTree = "<group>"; };
		56D012C3EDB6E731C77F133C /* BackendSettingsModel.swift */ = {isa = PBXFileReference; lastKnownFileType = sourcecode.swift; path = BackendSettingsModel.swift; sourceTree = "<group>"; };
		57EEBF1A3219C0B0ACDF0E7C /* KboStatusPill.swift */ = {isa = PBXFileReference; lastKnownFileType = sourcecode.swift; path = KboStatusPill.swift; sourceTree = "<group>"; };
		5912C9F0E2642AABD5754AE6 /* LiveGamePollingService.swift */ = {isa = PBXFileReference; lastKnownFileType = sourcecode.swift; path = LiveGamePollingService.swift; sourceTree = "<group>"; };
		59579DB8DE6E2D5FE9BEA6F5 /* KboTheme.swift */ = {isa = PBXFileReference; lastKnownFileType = sourcecode.swift; path = KboTheme.swift; sourceTree = "<group>"; };
		5E47031A8A835FE772BAC3BE /* HT.png */ = {isa = PBXFileReference; lastKnownFileType = image.png; path = HT.png; sourceTree = "<group>"; };
		5FAE26336A903AAF0A3B5267 /* KboTypographyToken.swift */ = {isa = PBXFileReference; lastKnownFileType = sourcecode.swift; path = KboTypographyToken.swift; sourceTree = "<group>"; };
		638123A5CA06544610145208 /* KboMetricRow.swift */ = {isa = PBXFileReference; lastKnownFileType = sourcecode.swift; path = KboMetricRow.swift; sourceTree = "<group>"; };
		641400291B2478DDC4767E59 /* AppSettingsView.swift */ = {isa = PBXFileReference; lastKnownFileType = sourcecode.swift; path = AppSettingsView.swift; sourceTree = "<group>"; };
		6F99D486EE9B83DC36298CDE /* KboSpacingToken.swift */ = {isa = PBXFileReference; lastKnownFileType = sourcecode.swift; path = KboSpacingToken.swift; sourceTree = "<group>"; };
		7A63CE0FD4450245094F1948 /* KboShadowToken.swift */ = {isa = PBXFileReference; lastKnownFileType = sourcecode.swift; path = KboShadowToken.swift; sourceTree = "<group>"; };
		7C0BCCDF39099587EFE4A5FB /* KboGlassPanel.swift */ = {isa = PBXFileReference; lastKnownFileType = sourcecode.swift; path = KboGlassPanel.swift; sourceTree = "<group>"; };
		7FE5DC9EA71E1B3B98EAEC91 /* KboLiveiOSApp.swift */ = {isa = PBXFileReference; lastKnownFileType = sourcecode.swift; path = KboLiveiOSApp.swift; sourceTree = "<group>"; };
		858AFEDE6438D42D0ACE7705 /* GameRepository.swift */ = {isa = PBXFileReference; lastKnownFileType = sourcecode.swift; path = GameRepository.swift; sourceTree = "<group>"; };
		85B79222474193C056684971 /* KboEmptyStateView.swift */ = {isa = PBXFileReference; lastKnownFileType = sourcecode.swift; path = KboEmptyStateView.swift; sourceTree = "<group>"; };
		8805E55C67E4AD75C8F65B17 /* KT.png */ = {isa = PBXFileReference; lastKnownFileType = image.png; path = KT.png; sourceTree = "<group>"; };
		88D36275489AE276CDAEA2B5 /* KboLiveWidgetExtension.appex */ = {isa = PBXFileReference; includeInIndex = 0; lastKnownFileType = "wrapper.app-extension"; path = KboLiveWidgetExtension.appex; sourceTree = BUILT_PRODUCTS_DIR; };
		8BE6777EA72E07EB39F6A0C8 /* TodayGameWidget.swift */ = {isa = PBXFileReference; lastKnownFileType = sourcecode.swift; path = TodayGameWidget.swift; sourceTree = "<group>"; };
		8D1278DBE81ECB048C453EE2 /* AppRuntime.swift */ = {isa = PBXFileReference; lastKnownFileType = sourcecode.swift; path = AppRuntime.swift; sourceTree = "<group>"; };
		9260D96448AE10F25C20DB26 /* SampleGameFactory.swift */ = {isa = PBXFileReference; lastKnownFileType = sourcecode.swift; path = SampleGameFactory.swift; sourceTree = "<group>"; };
		926BDC39BB01A80C4EDB3F95 /* ActivityGameStateMapper.swift */ = {isa = PBXFileReference; lastKnownFileType = sourcecode.swift; path = ActivityGameStateMapper.swift; sourceTree = "<group>"; };
		977A783217C6C830D63E6805 /* LiveBadgeView.swift */ = {isa = PBXFileReference; lastKnownFileType = sourcecode.swift; path = LiveBadgeView.swift; sourceTree = "<group>"; };
		98430CCC8189B75F88B812FD /* ScoreDigitsView.swift */ = {isa = PBXFileReference; lastKnownFileType = sourcecode.swift; path = ScoreDigitsView.swift; sourceTree = "<group>"; };
		9A6CC9BD25065338C93F1842 /* MockGameRepository.swift */ = {isa = PBXFileReference; lastKnownFileType = sourcecode.swift; path = MockGameRepository.swift; sourceTree = "<group>"; };
		9D1D5D08B71C14FE895639D7 /* SK.png */ = {isa = PBXFileReference; lastKnownFileType = image.png; path = SK.png; sourceTree = "<group>"; };
		9EA6750E0EA4DDD3FF969124 /* KboLiveWidgetBundle.swift */ = {isa = PBXFileReference; lastKnownFileType = sourcecode.swift; path = KboLiveWidgetBundle.swift; sourceTree = "<group>"; };
		A2158310D98D121771C11DD5 /* GameDetailViewModel.swift */ = {isa = PBXFileReference; lastKnownFileType = sourcecode.swift; path = GameDetailViewModel.swift; sourceTree = "<group>"; };
		A26DF245E991A188DDF5D19D /* BaseDiamondView.swift */ = {isa = PBXFileReference; lastKnownFileType = sourcecode.swift; path = BaseDiamondView.swift; sourceTree = "<group>"; };
		A4048DDAA5DB7D3A9B78B392 /* KboTeamOption.swift */ = {isa = PBXFileReference; lastKnownFileType = sourcecode.swift; path = KboTeamOption.swift; sourceTree = "<group>"; };
		A686C354EF0ED378A734CE4C /* BackendSettingsView.swift */ = {isa = PBXFileReference; lastKnownFileType = sourcecode.swift; path = BackendSettingsView.swift; sourceTree = "<group>"; };
		A933A216D48A95FC01F1B764 /* GameFeedClient.swift */ = {isa = PBXFileReference; lastKnownFileType = sourcecode.swift; path = GameFeedClient.swift; sourceTree = "<group>"; };
		AB8CD0BF0D2625C7794E5A65 /* WO.png */ = {isa = PBXFileReference; lastKnownFileType = image.png; path = WO.png; sourceTree = "<group>"; };
		AC156241B24A8F38DE0E32B8 /* WidgetGameSnapshotMapper.swift */ = {isa = PBXFileReference; lastKnownFileType = sourcecode.swift; path = WidgetGameSnapshotMapper.swift; sourceTree = "<group>"; };
		B2FBF395F0C0973B1F683E06 /* WidgetGameSnapshot.swift */ = {isa = PBXFileReference; lastKnownFileType = sourcecode.swift; path = WidgetGameSnapshot.swift; sourceTree = "<group>"; };
		B552D9873A04FC7F241B1181 /* SettingsView.swift */ = {isa = PBXFileReference; lastKnownFileType = sourcecode.swift; path = SettingsView.swift; sourceTree = "<group>"; };
		B69A1866B76532FFC55C6334 /* GameDetailView.swift */ = {isa = PBXFileReference; lastKnownFileType = sourcecode.swift; path = GameDetailView.swift; sourceTree = "<group>"; };
		C24D68EAD2FADAC6B1466068 /* LT.png */ = {isa = PBXFileReference; lastKnownFileType = image.png; path = LT.png; sourceTree = "<group>"; };
		C2C1B71B6B06E0A008D4EFF9 /* ActivityGameState.swift */ = {isa = PBXFileReference; lastKnownFileType = sourcecode.swift; path = ActivityGameState.swift; sourceTree = "<group>"; };
		C3CCC77B6A44AFF986BE6E8C /* MenuBarGameSummary.swift */ = {isa = PBXFileReference; lastKnownFileType = sourcecode.swift; path = MenuBarGameSummary.swift; sourceTree = "<group>"; };
		C3E1DDC846D9737E866A2B4A /* KboLiveEnvironment.swift */ = {isa = PBXFileReference; lastKnownFileType = sourcecode.swift; path = KboLiveEnvironment.swift; sourceTree = "<group>"; };
		C48C9530DAA7970AED6BC4DA /* LG.png */ = {isa = PBXFileReference; lastKnownFileType = image.png; path = LG.png; sourceTree = "<group>"; };
		C7CAD9358DA427001339338C /* AppNavigationModel.swift */ = {isa = PBXFileReference; lastKnownFileType = sourcecode.swift; path = AppNavigationModel.swift; sourceTree = "<group>"; };
		C92618984EEFA0FFD270B27E /* KboSemanticColorToken.swift */ = {isa = PBXFileReference; lastKnownFileType = sourcecode.swift; path = KboSemanticColorToken.swift; sourceTree = "<group>"; };
		CB67D0000CA13922E91F01FE /* MyTeamSelectionStore.swift */ = {isa = PBXFileReference; lastKnownFileType = sourcecode.swift; path = MyTeamSelectionStore.swift; sourceTree = "<group>"; };
		D30557F93ECD6E377217BB75 /* KboRadiusToken.swift */ = {isa = PBXFileReference; lastKnownFileType = sourcecode.swift; path = KboRadiusToken.swift; sourceTree = "<group>"; };
		D462F621562EB9C3BDD5CF81 /* GameDTO.swift */ = {isa = PBXFileReference; lastKnownFileType = sourcecode.swift; path = GameDTO.swift; sourceTree = "<group>"; };
		D7DD52C08C8040555947A491 /* KboMotionToken.swift */ = {isa = PBXFileReference; lastKnownFileType = sourcecode.swift; path = KboMotionToken.swift; sourceTree = "<group>"; };
		DDBB27567CBFEC7419A1EAF5 /* TodayGamesList.swift */ = {isa = PBXFileReference; lastKnownFileType = sourcecode.swift; path = TodayGamesList.swift; sourceTree = "<group>"; };
		DE84ACB97607A2822AF55531 /* OB.png */ = {isa = PBXFileReference; lastKnownFileType = image.png; path = OB.png; sourceTree = "<group>"; };
		E0E7F4854A1805B2F7C22149 /* KboColorToken.swift */ = {isa = PBXFileReference; lastKnownFileType = sourcecode.swift; path = KboColorToken.swift; sourceTree = "<group>"; };
		E286990675AF53E58A876F6D /* GameDetailScreen.swift */ = {isa = PBXFileReference; lastKnownFileType = sourcecode.swift; path = GameDetailScreen.swift; sourceTree = "<group>"; };
		E52E1E0947A31920164810C7 /* TeamColorPalette.swift */ = {isa = PBXFileReference; lastKnownFileType = sourcecode.swift; path = TeamColorPalette.swift; sourceTree = "<group>"; };
		EA2D04833BC16C1D066F9750 /* SS.png */ = {isa = PBXFileReference; lastKnownFileType = image.png; path = SS.png; sourceTree = "<group>"; };
		EA2F021CB0CD8EC5A3222F8F /* LiveGameActivityWidget.swift */ = {isa = PBXFileReference; lastKnownFileType = sourcecode.swift; path = LiveGameActivityWidget.swift; sourceTree = "<group>"; };
		EB9E42778130C35C55386ADC /* HH.png */ = {isa = PBXFileReference; lastKnownFileType = image.png; path = HH.png; sourceTree = "<group>"; };
		ED9E2C23EA76E492A852B234 /* KboSurfaceToken.swift */ = {isa = PBXFileReference; lastKnownFileType = sourcecode.swift; path = KboSurfaceToken.swift; sourceTree = "<group>"; };
		F3AFD2831E065F6CFE51E0B3 /* GameProjectionFormatter.swift */ = {isa = PBXFileReference; lastKnownFileType = sourcecode.swift; path = GameProjectionFormatter.swift; sourceTree = "<group>"; };
		F52C5005821B88E6CB852256 /* InningStateView.swift */ = {isa = PBXFileReference; lastKnownFileType = sourcecode.swift; path = InningStateView.swift; sourceTree = "<group>"; };
		F560BB57EFA2F8B109601B05 /* TodayGamesViewModel.swift */ = {isa = PBXFileReference; lastKnownFileType = sourcecode.swift; path = TodayGamesViewModel.swift; sourceTree = "<group>"; };
		F9F9677C6F7731A6E3841ABE /* TeamBadgeView.swift */ = {isa = PBXFileReference; lastKnownFileType = sourcecode.swift; path = TeamBadgeView.swift; sourceTree = "<group>"; };
		FCD0AA2301EB0C580346526B /* GameDTOMapper.swift */ = {isa = PBXFileReference; lastKnownFileType = sourcecode.swift; path = GameDTOMapper.swift; sourceTree = "<group>"; };
		FFD4C234FBF17B418D17F3AC /* KboLiveiOS.app */ = {isa = PBXFileReference; includeInIndex = 0; lastKnownFileType = wrapper.application; path = KboLiveiOS.app; sourceTree = BUILT_PRODUCTS_DIR; };
/* End PBXFileReference section */

/* Begin PBXGroup section */
		02282E5F790EC0E02A6B2469 /* Projections */ = {
			isa = PBXGroup;
			children = (
				C2C1B71B6B06E0A008D4EFF9 /* ActivityGameState.swift */,
				C3CCC77B6A44AFF986BE6E8C /* MenuBarGameSummary.swift */,
				B2FBF395F0C0973B1F683E06 /* WidgetGameSnapshot.swift */,
			);
			path = Projections;
			sourceTree = "<group>";
		};
		07343246D15594B448DFB00F /* Formatting */ = {
			isa = PBXGroup;
			children = (
				F3AFD2831E065F6CFE51E0B3 /* GameProjectionFormatter.swift */,
			);
			path = Formatting;
			sourceTree = "<group>";
		};
		0C6D0B7A162B57F42AA428E8 /* Helpers */ = {
			isa = PBXGroup;
			children = (
				2ACFF97E39BE078C429098F5 /* TeamColorResolver.swift */,
			);
			path = Helpers;
			sourceTree = "<group>";
		};
		12CC68A6F73099DE58840DF9 = {
			isa = PBXGroup;
			children = (
				587008BB40BD4FAE148F29D4 /* iOS */,
				AD22162A0171E5E51244A351 /* KboLiveCore */,
				D55AC5F4D1632775AD1109B1 /* KboLiveDesignSystem */,
				AD84C34FF5FAA5C969271B2A /* KboLiveFeatures */,
				5C03C7017113FFD886CC1F89 /* macOS */,
				56D1BE4E5F625752A7FEE54D /* Shared */,
				F7B3F0B4C078ADED6B1B7A44 /* Widget */,
				B6D57542E6F868198AE1D6BE /* Products */,
			);
			sourceTree = "<group>";
		};
		170A4196D482C4C99830A5B4 /* Domain */ = {
			isa = PBXGroup;
			children = (
				170A03EF828CFD2DE490A3D9 /* Game.swift */,
				3F45520806D38A86D25558BC /* GameFeed.swift */,
				A4048DDAA5DB7D3A9B78B392 /* KboTeamOption.swift */,
			);
			path = Domain;
			sourceTree = "<group>";
		};
		217139DD2B06093E15B2A842 /* Mocks */ = {
			isa = PBXGroup;
			children = (
				9A6CC9BD25065338C93F1842 /* MockGameRepository.swift */,
			);
			path = Mocks;
			sourceTree = "<group>";
		};
		3ABCD3A03C7A70D7803307C9 /* Components */ = {
			isa = PBXGroup;
			children = (
				A26DF245E991A188DDF5D19D /* BaseDiamondView.swift */,
				F52C5005821B88E6CB852256 /* InningStateView.swift */,
				29611A483DBC1A46C51B34FE /* KboCommandBar.swift */,
				85B79222474193C056684971 /* KboEmptyStateView.swift */,
				7C0BCCDF39099587EFE4A5FB /* KboGlassPanel.swift */,
				638123A5CA06544610145208 /* KboMetricRow.swift */,
				554A1540C411A99F6FC3A626 /* KboPrimaryActionButton.swift */,
				57EEBF1A3219C0B0ACDF0E7C /* KboStatusPill.swift */,
				977A783217C6C830D63E6805 /* LiveBadgeView.swift */,
				124ED7DD1CE51D329E5B54AD /* OutCountView.swift */,
				11EB6364D9E774CAD4FC5FDB /* PitchCountView.swift */,
				98430CCC8189B75F88B812FD /* ScoreDigitsView.swift */,
				F9F9677C6F7731A6E3841ABE /* TeamBadgeView.swift */,
			);
			path = Components;
			sourceTree = "<group>";
		};
		3C303AF950B84E3F312414C2 /* Services */ = {
			isa = PBXGroup;
			children = (
				5912C9F0E2642AABD5754AE6 /* LiveGamePollingService.swift */,
			);
			path = Services;
			sourceTree = "<group>";
		};
		542075D3AACA3EC17B1749BA /* Repository */ = {
			isa = PBXGroup;
			children = (
				858AFEDE6438D42D0ACE7705 /* GameRepository.swift */,
			);
			path = Repository;
			sourceTree = "<group>";
		};
		56D1BE4E5F625752A7FEE54D /* Shared */ = {
			isa = PBXGroup;
			children = (
				C7CAD9358DA427001339338C /* AppNavigationModel.swift */,
				8D1278DBE81ECB048C453EE2 /* AppRuntime.swift */,
				641400291B2478DDC4767E59 /* AppSettingsView.swift */,
				56D012C3EDB6E731C77F133C /* BackendSettingsModel.swift */,
				A686C354EF0ED378A734CE4C /* BackendSettingsView.swift */,
				5070F61F85A0ED473884F3BB /* KboLiveHomeRootView.swift */,
				52F837D57B975899B142B7F3 /* LiveGameActivityAttributes.swift */,
				4871B27DCDD1FA6DF5CFB331 /* LiveGameActivityController.swift */,
				9260D96448AE10F25C20DB26 /* SampleGameFactory.swift */,
				D4DEE64AD2293A2D02F5A3BB /* TeamLogos */,
			);
			name = Shared;
			path = KboLiveApp/Shared;
			sourceTree = "<group>";
		};
		587008BB40BD4FAE148F29D4 /* iOS */ = {
			isa = PBXGroup;
			children = (
				7FE5DC9EA71E1B3B98EAEC91 /* KboLiveiOSApp.swift */,
			);
			name = iOS;
			path = KboLiveApp/iOS;
			sourceTree = "<group>";
		};
		5C03C7017113FFD886CC1F89 /* macOS */ = {
			isa = PBXGroup;
			children = (
				367EA61F763FBEE507EC308A /* KboLivemacOSApp.swift */,
				0F14CC290ED97830D3BFFAD1 /* MenuBarDashboardView.swift */,
				B552D9873A04FC7F241B1181 /* SettingsView.swift */,
			);
			name = macOS;
			path = KboLiveApp/macOS;
			sourceTree = "<group>";
		};
		A0B8A0493F0572B79F232360 /* DTO */ = {
			isa = PBXGroup;
			children = (
				D462F621562EB9C3BDD5CF81 /* GameDTO.swift */,
			);
			path = DTO;
			sourceTree = "<group>";
		};
		A2E609B403FCEFAF0064F731 /* Mappers */ = {
			isa = PBXGroup;
			children = (
				926BDC39BB01A80C4EDB3F95 /* ActivityGameStateMapper.swift */,
				FCD0AA2301EB0C580346526B /* GameDTOMapper.swift */,
				2BFBA95BCA60FA7810B57CD6 /* MenuBarGameSummaryMapper.swift */,
				AC156241B24A8F38DE0E32B8 /* WidgetGameSnapshotMapper.swift */,
			);
			path = Mappers;
			sourceTree = "<group>";
		};
		AD22162A0171E5E51244A351 /* KboLiveCore */ = {
			isa = PBXGroup;
			children = (
				AD2BE94CAE8843D6A1582141 /* API */,
				D660E6BAC33D12EC59E68493 /* App */,
				170A4196D482C4C99830A5B4 /* Domain */,
				A0B8A0493F0572B79F232360 /* DTO */,
				07343246D15594B448DFB00F /* Formatting */,
				A2E609B403FCEFAF0064F731 /* Mappers */,
				217139DD2B06093E15B2A842 /* Mocks */,
				02282E5F790EC0E02A6B2469 /* Projections */,
				542075D3AACA3EC17B1749BA /* Repository */,
				3C303AF950B84E3F312414C2 /* Services */,
			);
			name = KboLiveCore;
			path = Packages/KboLiveCore/Sources/KboLiveCore;
			sourceTree = "<group>";
		};
		AD2BE94CAE8843D6A1582141 /* API */ = {
			isa = PBXGroup;
			children = (
				27CFE3D6A0EC0BFA0298E27B /* KboLiveAPIClient.swift */,
			);
			path = API;
			sourceTree = "<group>";
		};
		AD84C34FF5FAA5C969271B2A /* KboLiveFeatures */ = {
			isa = PBXGroup;
			children = (
				EC5F585AC2D0E144411F24EE /* GameDetail */,
				C342C1342DA524D27C51182A /* TodayGames */,
			);
			name = KboLiveFeatures;
			path = Packages/KboLiveFeatures/Sources/KboLiveFeatures;
			sourceTree = "<group>";
		};
		B6D57542E6F868198AE1D6BE /* Products */ = {
			isa = PBXGroup;
			children = (
				FFD4C234FBF17B418D17F3AC /* KboLiveiOS.app */,
				36ADC9E8E692729D597A76EE /* KboLivemacOS.app */,
				88D36275489AE276CDAEA2B5 /* KboLiveWidgetExtension.appex */,
			);
			name = Products;
			sourceTree = "<group>";
		};
		C342C1342DA524D27C51182A /* TodayGames */ = {
			isa = PBXGroup;
			children = (
				CB67D0000CA13922E91F01FE /* MyTeamSelectionStore.swift */,
				4DD4549DE87B250463A5D190 /* TodayGamesView.swift */,
				F560BB57EFA2F8B109601B05 /* TodayGamesViewModel.swift */,
			);
			path = TodayGames;
			sourceTree = "<group>";
		};
		D03A07865D69EF7F02485A9A /* Theme */ = {
			isa = PBXGroup;
			children = (
				59579DB8DE6E2D5FE9BEA6F5 /* KboTheme.swift */,
				E52E1E0947A31920164810C7 /* TeamColorPalette.swift */,
			);
			path = Theme;
			sourceTree = "<group>";
		};
		D4DEE64AD2293A2D02F5A3BB /* TeamLogos */ = {
			isa = PBXGroup;
			children = (
				EB9E42778130C35C55386ADC /* HH.png */,
				5E47031A8A835FE772BAC3BE /* HT.png */,
				8805E55C67E4AD75C8F65B17 /* KT.png */,
				C48C9530DAA7970AED6BC4DA /* LG.png */,
				C24D68EAD2FADAC6B1466068 /* LT.png */,
				2A837357B11D9BFD3216A4DA /* NC.png */,
				DE84ACB97607A2822AF55531 /* OB.png */,
				9D1D5D08B71C14FE895639D7 /* SK.png */,
				EA2D04833BC16C1D066F9750 /* SS.png */,
				AB8CD0BF0D2625C7794E5A65 /* WO.png */,
			);
			path = TeamLogos;
			sourceTree = "<group>";
		};
		D55AC5F4D1632775AD1109B1 /* KboLiveDesignSystem */ = {
			isa = PBXGroup;
			children = (
				3ABCD3A03C7A70D7803307C9 /* Components */,
				0C6D0B7A162B57F42AA428E8 /* Helpers */,
				D03A07865D69EF7F02485A9A /* Theme */,
				F7D1F5B65EE46169EDC0C14E /* Tokens */,
			);
			name = KboLiveDesignSystem;
			path = Packages/KboLiveDesignSystem/Sources/KboLiveDesignSystem;
			sourceTree = "<group>";
		};
		D660E6BAC33D12EC59E68493 /* App */ = {
			isa = PBXGroup;
			children = (
				A933A216D48A95FC01F1B764 /* GameFeedClient.swift */,
				C3E1DDC846D9737E866A2B4A /* KboLiveEnvironment.swift */,
				DDBB27567CBFEC7419A1EAF5 /* TodayGamesList.swift */,
			);
			path = App;
			sourceTree = "<group>";
		};
		EC5F585AC2D0E144411F24EE /* GameDetail */ = {
			isa = PBXGroup;
			children = (
				E286990675AF53E58A876F6D /* GameDetailScreen.swift */,
				B69A1866B76532FFC55C6334 /* GameDetailView.swift */,
				A2158310D98D121771C11DD5 /* GameDetailViewModel.swift */,
			);
			path = GameDetail;
			sourceTree = "<group>";
		};
		F7B3F0B4C078ADED6B1B7A44 /* Widget */ = {
			isa = PBXGroup;
			children = (
				9EA6750E0EA4DDD3FF969124 /* KboLiveWidgetBundle.swift */,
				EA2F021CB0CD8EC5A3222F8F /* LiveGameActivityWidget.swift */,
				8BE6777EA72E07EB39F6A0C8 /* TodayGameWidget.swift */,
			);
			name = Widget;
			path = KboLiveApp/Widget;
			sourceTree = "<group>";
		};
		F7D1F5B65EE46169EDC0C14E /* Tokens */ = {
			isa = PBXGroup;
			children = (
				E0E7F4854A1805B2F7C22149 /* KboColorToken.swift */,
				377CB07430236523622F00C5 /* KboControlToken.swift */,
				4D0F8A916C3E4F61B29C75E8 /* KboGlassToken.swift */,
				D7DD52C08C8040555947A491 /* KboMotionToken.swift */,
				D30557F93ECD6E377217BB75 /* KboRadiusToken.swift */,
				C92618984EEFA0FFD270B27E /* KboSemanticColorToken.swift */,
				7A63CE0FD4450245094F1948 /* KboShadowToken.swift */,
				6F99D486EE9B83DC36298CDE /* KboSpacingToken.swift */,
				ED9E2C23EA76E492A852B234 /* KboSurfaceToken.swift */,
				5FAE26336A903AAF0A3B5267 /* KboTypographyToken.swift */,
			);
			path = Tokens;
			sourceTree = "<group>";
		};
/* End PBXGroup section */

/* Begin PBXNativeTarget section */
		2B4044786251DFF0C966D936 /* KboLiveWidgetExtension */ = {
			isa = PBXNativeTarget;
			buildConfigurationList = F700795CC714A41E4806CE92 /* Build configuration list for PBXNativeTarget "KboLiveWidgetExtension" */;
			buildPhases = (
				AB0893AC076784C69D254C0D /* Sources */,
			);
			buildRules = (
			);
			dependencies = (
			);
			name = KboLiveWidgetExtension;
			packageProductDependencies = (
			);
			productName = KboLiveWidgetExtension;
			productReference = 88D36275489AE276CDAEA2B5 /* KboLiveWidgetExtension.appex */;
			productType = "com.apple.product-type.app-extension";
		};
		A0DDADF571930F291E9D229E /* KboLiveiOS */ = {
			isa = PBXNativeTarget;
			buildConfigurationList = 6149C56DEC7519646936612F /* Build configuration list for PBXNativeTarget "KboLiveiOS" */;
			buildPhases = (
				A28CD0A8B7A659D5225254AD /* Sources */,
				25FA60A04227DC56E7621263 /* Resources */,
				D0390CE9A6B44EB4585C918A /* Embed Foundation Extensions */,
			);
			buildRules = (
			);
			dependencies = (
				4088551F37871B7CEDF34F6B /* PBXTargetDependency */,
			);
			name = KboLiveiOS;
			packageProductDependencies = (
			);
			productName = KboLiveiOS;
			productReference = FFD4C234FBF17B418D17F3AC /* KboLiveiOS.app */;
			productType = "com.apple.product-type.application";
		};
		D1E03C7953B592C5F490BD63 /* KboLivemacOS */ = {
			isa = PBXNativeTarget;
			buildConfigurationList = 2098B980789782D44A59DC9E /* Build configuration list for PBXNativeTarget "KboLivemacOS" */;
			buildPhases = (
				62CEAB2B6A3B9EEC0DB458C6 /* Sources */,
				01D00057ADCA8476D8ECA069 /* Resources */,
			);
			buildRules = (
			);
			dependencies = (
			);
			name = KboLivemacOS;
			packageProductDependencies = (
			);
			productName = KboLivemacOS;
			productReference = 36ADC9E8E692729D597A76EE /* KboLivemacOS.app */;
			productType = "com.apple.product-type.application";
		};
/* End PBXNativeTarget section */

/* Begin PBXProject section */
		5861B555379612906FE1F28A /* Project object */ = {
			isa = PBXProject;
			attributes = {
				BuildIndependentTargetsInParallel = YES;
				LastUpgradeCheck = 1430;
				TargetAttributes = {
				};
			};
			buildConfigurationList = 1FDD86F768D0A96CDEAF8587 /* Build configuration list for PBXProject "KboLiveApp" */;
			developmentRegion = en;
			hasScannedForEncodings = 0;
			knownRegions = (
				Base,
				en,
			);
			mainGroup = 12CC68A6F73099DE58840DF9;
			minimizedProjectReferenceProxies = 1;
			preferredProjectObjectVersion = 77;
			productRefGroup = B6D57542E6F868198AE1D6BE /* Products */;
			projectDirPath = "";
			projectRoot = "";
			targets = (
				2B4044786251DFF0C966D936 /* KboLiveWidgetExtension */,
				A0DDADF571930F291E9D229E /* KboLiveiOS */,
				D1E03C7953B592C5F490BD63 /* KboLivemacOS */,
			);
		};
/* End PBXProject section */

/* Begin PBXResourcesBuildPhase section */
		01D00057ADCA8476D8ECA069 /* Resources */ = {
			isa = PBXResourcesBuildPhase;
			buildActionMask = 2147483647;
			files = (
				B9131E3587EB828C77AEA6C3 /* HH.png in Resources */,
				9BACF4B3A8D89F21B95F020A /* HT.png in Resources */,
				D3797EC776FF669DA055E102 /* KT.png in Resources */,
				28B26AA71564639FCD351DA4 /* LG.png in Resources */,
				6C905BCB71B038E3C812C748 /* LT.png in Resources */,
				3948789402A84130E2686F15 /* NC.png in Resources */,
				C9E5EF6F6F4D109D46340626 /* OB.png in Resources */,
				6571B7173191366D1255502F /* SK.png in Resources */,
				58BBD4CFEEE8CA303A78AAF7 /* SS.png in Resources */,
				EAAA8C22A967364C708E588A /* WO.png in Resources */,
			);
			runOnlyForDeploymentPostprocessing = 0;
		};
		25FA60A04227DC56E7621263 /* Resources */ = {
			isa = PBXResourcesBuildPhase;
			buildActionMask = 2147483647;
			files = (
				DCC65A066CEA014A5696E612 /* HH.png in Resources */,
				B032538B0C0932B48A735208 /* HT.png in Resources */,
				D9171F6CA0738181EB337E38 /* KT.png in Resources */,
				7506F7B9BB6CF763F7800951 /* LG.png in Resources */,
				8D6A4FCDEDC311F2EEBB59C4 /* LT.png in Resources */,
				06DB4452DB4F2C93409B728F /* NC.png in Resources */,
				F72E15D45B7B6A34339234B2 /* OB.png in Resources */,
				8D485CB475B6B8486C143BAE /* SK.png in Resources */,
				4F18E0C538671DD04580CD5D /* SS.png in Resources */,
				901B1309FA1793B144719F02 /* WO.png in Resources */,
			);
			runOnlyForDeploymentPostprocessing = 0;
		};
/* End PBXResourcesBuildPhase section */

/* Begin PBXSourcesBuildPhase section */
		62CEAB2B6A3B9EEC0DB458C6 /* Sources */ = {
			isa = PBXSourcesBuildPhase;
			buildActionMask = 2147483647;
			files = (
				2A2EEAE980D1A59A76F90AC5 /* ActivityGameState.swift in Sources */,
				A541406E1E38562ADC6227FE /* ActivityGameStateMapper.swift in Sources */,
				97A2220D80C78EC74D53CECE /* AppNavigationModel.swift in Sources */,
				564A90FB8FDE2BCDC6EE446A /* AppRuntime.swift in Sources */,
				DDD250FDF9E2EC00B76D4F85 /* AppSettingsView.swift in Sources */,
				826D8A62458C005FA09DC655 /* BackendSettingsModel.swift in Sources */,
				C195AC5FBCB4C38EFFBE3A9B /* BackendSettingsView.swift in Sources */,
				3C4EC475AE35932CAE0D048D /* BaseDiamondView.swift in Sources */,
				74897888F5C194DF3EBDCE0D /* Game.swift in Sources */,
				D0BC9F5051A6D395A94B53CB /* GameDTO.swift in Sources */,
				E5FA3D50E3CDBA4EE6EBF799 /* GameDTOMapper.swift in Sources */,
				1D5CE2A3421F5056D5810961 /* GameDetailScreen.swift in Sources */,
				6A88F6E1E2A35A4C5828675F /* GameDetailView.swift in Sources */,
				102E48B2D17F353CAFDC211A /* GameDetailViewModel.swift in Sources */,
				FB9B7C266D927D8804904763 /* GameFeed.swift in Sources */,
				6B66BADA2326DB834259EC28 /* GameFeedClient.swift in Sources */,
				C3A0B3C07F0832219BB500CD /* GameProjectionFormatter.swift in Sources */,
				0E579745990E6BCE39CCB671 /* GameRepository.swift in Sources */,
				B6FC668C93BF466C9F4AF924 /* InningStateView.swift in Sources */,
				7B13C817D0BD3F2B27CF2B94 /* KboColorToken.swift in Sources */,
				2101ACF10F8B192749A4BF98 /* KboCommandBar.swift in Sources */,
				EF290DE02547345C176965AF /* KboControlToken.swift in Sources */,
				8E480801FECD4F9588916826 /* KboEmptyStateView.swift in Sources */,
				30F907D292661686BB29D95A /* KboGlassPanel.swift in Sources */,
				31B9C5D2A7E14B8E9F032A65 /* KboGlassToken.swift in Sources */,
				5E900C6D6BDF0A8ECAE52776 /* KboLiveAPIClient.swift in Sources */,
				698EA0A97ADAE77C41B11098 /* KboLiveEnvironment.swift in Sources */,
				257732F9310011276A4BB95F /* KboLiveHomeRootView.swift in Sources */,
				57DB3AFF7861D815CA0AB6BC /* KboLivemacOSApp.swift in Sources */,
				586573288BA3F813BBCDE370 /* KboMetricRow.swift in Sources */,
				5172569E5B034F287BAB0973 /* KboMotionToken.swift in Sources */,
				09A9AA20C2B96A37DCFEB0B1 /* KboPrimaryActionButton.swift in Sources */,
				057A70D1309C61C0461FD174 /* KboRadiusToken.swift in Sources */,
				B819A244F4690530EB6F347B /* KboSemanticColorToken.swift in Sources */,
				AE7EA92C4A853E631FF35131 /* KboShadowToken.swift in Sources */,
				0EE1585CF024ADDA50418979 /* KboSpacingToken.swift in Sources */,
				B114EB52AE9B85672EC6A123 /* KboStatusPill.swift in Sources */,
				45580104672B612459210A6E /* KboSurfaceToken.swift in Sources */,
				1F1C08095CB6E5F56CD8B19A /* KboTeamOption.swift in Sources */,
				6E5223B1071AA1C69343AA08 /* KboTheme.swift in Sources */,
				C66965BA3D5289A471C2E354 /* KboTypographyToken.swift in Sources */,
				4BF4C9D7D1B23B69E55285A9 /* LiveBadgeView.swift in Sources */,
				00E0A286F26CA8AEE274F023 /* LiveGameActivityAttributes.swift in Sources */,
				AB3FE6A98FE11BB99580CF62 /* LiveGameActivityController.swift in Sources */,
				F7C59E5F8C3AD25E7FBA8115 /* LiveGamePollingService.swift in Sources */,
				0FDEAD70C750BDDEE7A01190 /* MenuBarDashboardView.swift in Sources */,
				07A57D2ADDD501156CF3A911 /* MenuBarGameSummary.swift in Sources */,
				13F8868AC62F6D8C9CDD8231 /* MenuBarGameSummaryMapper.swift in Sources */,
				A1F7F24F1BC6C641EE25F0DC /* MockGameRepository.swift in Sources */,
				B54E158F07148B744A9E97F8 /* MyTeamSelectionStore.swift in Sources */,
				C1B07FC813AC116DACF69528 /* OutCountView.swift in Sources */,
				29C0BFB292CB3EA783E7CB39 /* PitchCountView.swift in Sources */,
				12DF55831FC29917CBFCFFA8 /* SampleGameFactory.swift in Sources */,
				CDE6BAED23FC0EC0AAAD5C67 /* ScoreDigitsView.swift in Sources */,
				645112421C6C2D6AEDAC4005 /* SettingsView.swift in Sources */,
				756106FCD08AECB57EAECB18 /* TeamBadgeView.swift in Sources */,
				4C992144F987A7572C206599 /* TeamColorPalette.swift in Sources */,
				3C061C52AA98CF7D04213319 /* TeamColorResolver.swift in Sources */,
				724D6360B94D6093EE2796A9 /* TodayGamesList.swift in Sources */,
				74DA1B400981530AF9E1B0B4 /* TodayGamesView.swift in Sources */,
				19DED529309FF565FC48715E /* TodayGamesViewModel.swift in Sources */,
				35F55B26C36CCFC5E0731689 /* WidgetGameSnapshot.swift in Sources */,
				C438FB8E9398F2E47B990A9A /* WidgetGameSnapshotMapper.swift in Sources */,
			);
			runOnlyForDeploymentPostprocessing = 0;
		};
		A28CD0A8B7A659D5225254AD /* Sources */ = {
			isa = PBXSourcesBuildPhase;
			buildActionMask = 2147483647;
			files = (
				549FA42B882A0719AA7C45B4 /* ActivityGameState.swift in Sources */,
				C722EF5B36D5ECD40F616514 /* ActivityGameStateMapper.swift in Sources */,
				C9E47EB9EFC8965AA913A7A8 /* AppNavigationModel.swift in Sources */,
				6E33ABDF19750FC9D50B7DCD /* AppRuntime.swift in Sources */,
				8D4F6DE8251E6EC945715700 /* AppSettingsView.swift in Sources */,
				E9DE1F1F00674703965D5AF7 /* BackendSettingsModel.swift in Sources */,
				3F2501E7C1DD69ADADBFE2BA /* BackendSettingsView.swift in Sources */,
				245AA0D63DC4BC5E399A9AF6 /* BaseDiamondView.swift in Sources */,
				9486067A617366D63056840D /* Game.swift in Sources */,
				1973D3ADB618FBF1372D4C34 /* GameDTO.swift in Sources */,
				6A03EFDDB85FF8F45A5882B8 /* GameDTOMapper.swift in Sources */,
				B529C17FBF27DDF735D01AA8 /* GameDetailScreen.swift in Sources */,
				5CE438193D390802A4E78EBD /* GameDetailView.swift in Sources */,
				7D57DB3CE981C1C7BD368BC5 /* GameDetailViewModel.swift in Sources */,
				E90BDAF6BFA21546EBFC9E54 /* GameFeed.swift in Sources */,
				2D1555F0CDBBCA2853D957C9 /* GameFeedClient.swift in Sources */,
				38F299CFEF2C8EE6760EF499 /* GameProjectionFormatter.swift in Sources */,
				B4152DB64F9743733DF7FBFC /* GameRepository.swift in Sources */,
				984C486CD2B22F0DF5A529FA /* InningStateView.swift in Sources */,
				BCAD006FAEAD802C136A6FD8 /* KboColorToken.swift in Sources */,
				CA1592DF8D923A46E3A4AEDC /* KboCommandBar.swift in Sources */,
				E9399557193DA04A7AB39E16 /* KboControlToken.swift in Sources */,
				A6702737593962EB4F429056 /* KboEmptyStateView.swift in Sources */,
				13534206ED7CA679F7BDE94D /* KboGlassPanel.swift in Sources */,
				46D2AF91B8C745EEA032F7A6 /* KboGlassToken.swift in Sources */,
				663B9A30F470D0127B96585D /* KboLiveAPIClient.swift in Sources */,
				6119B59B1A57B2D9336A1913 /* KboLiveEnvironment.swift in Sources */,
				E2E1A0E6890B24F1B7AE7435 /* KboLiveHomeRootView.swift in Sources */,
				8E0A127C3FC0A676CB028BAE /* KboLiveiOSApp.swift in Sources */,
				0A0F5D933F3114BACF9EB5DD /* KboMetricRow.swift in Sources */,
				C1F29FCD19AC1BED9E08DEA1 /* KboMotionToken.swift in Sources */,
				C5EEBB915C1C4B0F04E3E1AE /* KboPrimaryActionButton.swift in Sources */,
				48634D965C07B6EFBA19F654 /* KboRadiusToken.swift in Sources */,
				6B2E2EBDF67C40341CD8EE26 /* KboSemanticColorToken.swift in Sources */,
				2D1D35F0D38F01FAB9F29A86 /* KboShadowToken.swift in Sources */,
				29F2BEC32C60A59B0DA70B49 /* KboSpacingToken.swift in Sources */,
				A864569286F69EA324D8FFEE /* KboStatusPill.swift in Sources */,
				209760E73996CD271844ECE7 /* KboSurfaceToken.swift in Sources */,
				5E5353A315CF89CCCFFFA216 /* KboTeamOption.swift in Sources */,
				5D6BDFFA9477E1CA31E04FA8 /* KboTheme.swift in Sources */,
				4301BFEF04E938C5B6A8D412 /* KboTypographyToken.swift in Sources */,
				5FA3EB4F8A554F85EE2273F9 /* LiveBadgeView.swift in Sources */,
				A616E9B180EEEEB664ABF568 /* LiveGameActivityAttributes.swift in Sources */,
				CA6ED52AE8F0E13DA616004C /* LiveGameActivityController.swift in Sources */,
				5E620AB33256372F1387B7CD /* LiveGamePollingService.swift in Sources */,
				AE84524143EA35BB7BD1E254 /* MenuBarGameSummary.swift in Sources */,
				F584C26D2FE8B04B56A0BAE7 /* MenuBarGameSummaryMapper.swift in Sources */,
				675C0EDFC451C47CD3A97503 /* MockGameRepository.swift in Sources */,
				2610E8B358C7D562676ABABC /* MyTeamSelectionStore.swift in Sources */,
				7D46A7356C1914B9A203817A /* OutCountView.swift in Sources */,
				C1460717A6BE0085629963E5 /* PitchCountView.swift in Sources */,
				CFD95D6DC9820E07E2D12F3E /* SampleGameFactory.swift in Sources */,
				17158AF7FB0B15A79494E6E6 /* ScoreDigitsView.swift in Sources */,
				9E58C9FE2CEFF1F40C0EC766 /* TeamBadgeView.swift in Sources */,
				C6A93582C4BEBAFC1A605E25 /* TeamColorPalette.swift in Sources */,
				170209AE039F28784C78EE5D /* TeamColorResolver.swift in Sources */,
				37645D3C2EBBB5201C882C3A /* TodayGamesList.swift in Sources */,
				A1AD62B0C48A1F8ED91B8561 /* TodayGamesView.swift in Sources */,
				22E6F453BDFD5CFF22CBF9D3 /* TodayGamesViewModel.swift in Sources */,
				DF1F89CC0C80E20E83FF7568 /* WidgetGameSnapshot.swift in Sources */,
				9533E6F37E8CF15563989B66 /* WidgetGameSnapshotMapper.swift in Sources */,
			);
			runOnlyForDeploymentPostprocessing = 0;
		};
		AB0893AC076784C69D254C0D /* Sources */ = {
			isa = PBXSourcesBuildPhase;
			buildActionMask = 2147483647;
			files = (
				92997E0BDA796CDA508E5247 /* ActivityGameState.swift in Sources */,
				9D35A891F5413AA55697F6A9 /* ActivityGameStateMapper.swift in Sources */,
				3771055287E807A86DA9562A /* BaseDiamondView.swift in Sources */,
				5843F2ECD2CE5C56B70EBFB3 /* Game.swift in Sources */,
				78517F82C681827CC6FEE6F5 /* GameDTO.swift in Sources */,
				636DC679E0CAE2AB0E5AE3D2 /* GameDTOMapper.swift in Sources */,
				C74A39F0326909378AAF0289 /* GameFeed.swift in Sources */,
				CDD58702F1210A9999A66ED4 /* GameFeedClient.swift in Sources */,
				4EE4544F07AB413E9BE0DBEE /* GameProjectionFormatter.swift in Sources */,
				E44FAE95235AF0D9B1962AD1 /* GameRepository.swift in Sources */,
				36000DCCFDC3F05CA6A461E5 /* InningStateView.swift in Sources */,
				C084367D62D0582223E2CD07 /* KboColorToken.swift in Sources */,
				C591CE4C5DB0022E1042BE39 /* KboCommandBar.swift in Sources */,
				179A98DB86DA2EDE1702242A /* KboControlToken.swift in Sources */,
				AF5065F26E82AA7935334722 /* KboEmptyStateView.swift in Sources */,
				1535CEE978803B80CB7F8978 /* KboGlassPanel.swift in Sources */,
				C7350E9F6F9242B58D4E3A10 /* KboGlassToken.swift in Sources */,
				63F9EF7CDD8392871D5118BA /* KboLiveAPIClient.swift in Sources */,
				91B73255E9287DF331323278 /* KboLiveEnvironment.swift in Sources */,
				8C784409547ECDDCA034B677 /* KboLiveWidgetBundle.swift in Sources */,
				369D406063F719C37F85069B /* KboMetricRow.swift in Sources */,
				C475DDD0F0AFA853C3217CBF /* KboMotionToken.swift in Sources */,
				6657BF988C213A405AD4ED7B /* KboPrimaryActionButton.swift in Sources */,
				6F7504FF46E75CDF7227B718 /* KboRadiusToken.swift in Sources */,
				FE4B728439AA0B86E5BFC5AF /* KboSemanticColorToken.swift in Sources */,
				A46BE51A9E532853C62E0291 /* KboShadowToken.swift in Sources */,
				044E3E7B3D87BB88B5335F41 /* KboSpacingToken.swift in Sources */,
				9246339BCC9A4ACF41A03ED4 /* KboStatusPill.swift in Sources */,
				20051C199AABB2DC6A49E69D /* KboSurfaceToken.swift in Sources */,
				38487670161414DFC5CBB4AA /* KboTeamOption.swift in Sources */,
				C44FEB7D26B41C46DE6E5582 /* KboTheme.swift in Sources */,
				5A162B5EA0DB51985E6B126C /* KboTypographyToken.swift in Sources */,
				E6B9170AE89CFFF4B32D212D /* LiveBadgeView.swift in Sources */,
				77513558B3FF1DA24CCF6C36 /* LiveGameActivityAttributes.swift in Sources */,
				F1504B82B238696665DE7FFD /* LiveGameActivityWidget.swift in Sources */,
				CCCCB8B28F543ABB048AF9F7 /* LiveGamePollingService.swift in Sources */,
				10BCE0A81779E6E48725C6A4 /* MenuBarGameSummary.swift in Sources */,
				012DE7A72692474538915139 /* MenuBarGameSummaryMapper.swift in Sources */,
				041455D8ADA28FDDF6DC3AD0 /* MockGameRepository.swift in Sources */,
				2CB8E6B2F86B76BD4D433447 /* OutCountView.swift in Sources */,
				5DF50735DD043B4C6B37097F /* PitchCountView.swift in Sources */,
				39272CE78D2E55A327D1966F /* SampleGameFactory.swift in Sources */,
				BAE6701572FE51B76997999C /* ScoreDigitsView.swift in Sources */,
				4E49F5886A2B0F0028220D66 /* TeamBadgeView.swift in Sources */,
				A0504C5C88EBEFE93DE6819E /* TeamColorPalette.swift in Sources */,
				E05177BFE30B0BB424B82BC8 /* TeamColorResolver.swift in Sources */,
				45390FD6D0890EAC9106F33C /* TodayGameWidget.swift in Sources */,
				4904E60652BB609CED16C827 /* TodayGamesList.swift in Sources */,
				6CF626E28CEB06C2D5A7D065 /* WidgetGameSnapshot.swift in Sources */,
				21FA10490044AD08A6041023 /* WidgetGameSnapshotMapper.swift in Sources */,
			);
			runOnlyForDeploymentPostprocessing = 0;
		};
/* End PBXSourcesBuildPhase section */

/* Begin PBXTargetDependency section */
		4088551F37871B7CEDF34F6B /* PBXTargetDependency */ = {
			isa = PBXTargetDependency;
			target = 2B4044786251DFF0C966D936 /* KboLiveWidgetExtension */;
			targetProxy = 982CEA457AE1C95E5439408B /* PBXContainerItemProxy */;
		};
/* End PBXTargetDependency section */

/* Begin XCBuildConfiguration section */
		10732BBCD0804C2FA336F84C /* Release */ = {
			isa = XCBuildConfiguration;
			buildSettings = {
				ASSETCATALOG_COMPILER_APPICON_NAME = AppIcon;
				COMBINE_HIDPI_IMAGES = YES;
				INFOPLIST_KEY_CFBundleDisplayName = KboLive;
				INFOPLIST_KEY_LSApplicationCategoryType = "public.app-category.sports";
				INFOPLIST_KEY_NSPrincipalClass = NSApplication;
				LD_RUNPATH_SEARCH_PATHS = (
					"$(inherited)",
					"@executable_path/../Frameworks",
				);
				PRODUCT_BUNDLE_IDENTIFIER = "com.suhohan.kbo-live.macos";
				PRODUCT_NAME = KboLive;
				SDKROOT = macosx;
			};
			name = Release;
		};
		1AD721045E34CB17DDA60CBE /* Release */ = {
			isa = XCBuildConfiguration;
			buildSettings = {
				ALWAYS_SEARCH_USER_PATHS = NO;
				CLANG_ANALYZER_NONNULL = YES;
				CLANG_ANALYZER_NUMBER_OBJECT_CONVERSION = YES_AGGRESSIVE;
				CLANG_CXX_LANGUAGE_STANDARD = "gnu++14";
				CLANG_CXX_LIBRARY = "libc++";
				CLANG_ENABLE_MODULES = YES;
				CLANG_ENABLE_OBJC_ARC = YES;
				CLANG_ENABLE_OBJC_WEAK = YES;
				CLANG_WARN_BLOCK_CAPTURE_AUTORELEASING = YES;
				CLANG_WARN_BOOL_CONVERSION = YES;
				CLANG_WARN_COMMA = YES;
				CLANG_WARN_CONSTANT_CONVERSION = YES;
				CLANG_WARN_DEPRECATED_OBJC_IMPLEMENTATIONS = YES;
				CLANG_WARN_DIRECT_OBJC_ISA_USAGE = YES_ERROR;
				CLANG_WARN_DOCUMENTATION_COMMENTS = YES;
				CLANG_WARN_EMPTY_BODY = YES;
				CLANG_WARN_ENUM_CONVERSION = YES;
				CLANG_WARN_INFINITE_RECURSION = YES;
				CLANG_WARN_INT_CONVERSION = YES;
				CLANG_WARN_NON_LITERAL_NULL_CONVERSION = YES;
				CLANG_WARN_OBJC_IMPLICIT_RETAIN_SELF = YES;
				CLANG_WARN_OBJC_LITERAL_CONVERSION = YES;
				CLANG_WARN_OBJC_ROOT_CLASS = YES_ERROR;
				CLANG_WARN_QUOTED_INCLUDE_IN_FRAMEWORK_HEADER = YES;
				CLANG_WARN_RANGE_LOOP_ANALYSIS = YES;
				CLANG_WARN_STRICT_PROTOTYPES = YES;
				CLANG_WARN_SUSPICIOUS_MOVE = YES;
				CLANG_WARN_UNGUARDED_AVAILABILITY = YES_AGGRESSIVE;
				CLANG_WARN_UNREACHABLE_CODE = YES;
				CLANG_WARN__DUPLICATE_METHOD_MATCH = YES;
				COPY_PHASE_STRIP = NO;
				CURRENT_PROJECT_VERSION = 1;
				DEBUG_INFORMATION_FORMAT = "dwarf-with-dsym";
				ENABLE_NS_ASSERTIONS = NO;
				ENABLE_STRICT_OBJC_MSGSEND = YES;
				GCC_C_LANGUAGE_STANDARD = gnu11;
				GCC_NO_COMMON_BLOCKS = YES;
				GCC_WARN_64_TO_32_BIT_CONVERSION = YES;
				GCC_WARN_ABOUT_RETURN_TYPE = YES_ERROR;
				GCC_WARN_UNDECLARED_SELECTOR = YES;
				GCC_WARN_UNINITIALIZED_AUTOS = YES_AGGRESSIVE;
				GCC_WARN_UNUSED_FUNCTION = YES;
				GCC_WARN_UNUSED_VARIABLE = YES;
				GENERATE_INFOPLIST_FILE = YES;
				IPHONEOS_DEPLOYMENT_TARGET = 18.0;
				MACOSX_DEPLOYMENT_TARGET = 15.0;
				MARKETING_VERSION = 0.1.0;
				MTL_ENABLE_DEBUG_INFO = NO;
				MTL_FAST_MATH = YES;
				PRODUCT_NAME = "$(TARGET_NAME)";
				SWIFT_COMPILATION_MODE = wholemodule;
				SWIFT_OPTIMIZATION_LEVEL = "-O";
				SWIFT_VERSION = 6.0;
			};
			name = Release;
		};
		1FE245166E905A25BF7D883C /* Debug */ = {
			isa = XCBuildConfiguration;
			buildSettings = {
				ASSETCATALOG_COMPILER_APPICON_NAME = AppIcon;
				CODE_SIGN_IDENTITY = "iPhone Developer";
				INFOPLIST_KEY_CFBundleDisplayName = KboLive;
				INFOPLIST_KEY_NSSupportsLiveActivities = YES;
				INFOPLIST_KEY_UIApplicationSceneManifest_Generation = YES;
				INFOPLIST_KEY_UIApplicationSupportsIndirectInputEvents = YES;
				INFOPLIST_KEY_UILaunchScreen_Generation = YES;
				INFOPLIST_KEY_UISupportedInterfaceOrientations_iPad = (
					UIInterfaceOrientationPortrait,
					UIInterfaceOrientationPortraitUpsideDown,
					UIInterfaceOrientationLandscapeLeft,
					UIInterfaceOrientationLandscapeRight,
				);
				INFOPLIST_KEY_UISupportedInterfaceOrientations_iPhone = (
					UIInterfaceOrientationPortrait,
					UIInterfaceOrientationLandscapeLeft,
					UIInterfaceOrientationLandscapeRight,
				);
				LD_RUNPATH_SEARCH_PATHS = (
					"$(inherited)",
					"@executable_path/Frameworks",
				);
				PRODUCT_BUNDLE_IDENTIFIER = "com.suhohan.kbo-live.ios";
				PRODUCT_NAME = KboLive;
				SDKROOT = iphoneos;
				TARGETED_DEVICE_FAMILY = "1,2";
			};
			name = Debug;
		};
		280A882942597B027ABE93D5 /* Debug */ = {
			isa = XCBuildConfiguration;
			buildSettings = {
				ASSETCATALOG_COMPILER_APPICON_NAME = AppIcon;
				COMBINE_HIDPI_IMAGES = YES;
				INFOPLIST_KEY_CFBundleDisplayName = KboLive;
				INFOPLIST_KEY_LSApplicationCategoryType = "public.app-category.sports";
				INFOPLIST_KEY_NSPrincipalClass = NSApplication;
				LD_RUNPATH_SEARCH_PATHS = (
					"$(inherited)",
					"@executable_path/../Frameworks",
				);
				PRODUCT_BUNDLE_IDENTIFIER = "com.suhohan.kbo-live.macos";
				PRODUCT_NAME = KboLive;
				SDKROOT = macosx;
			};
			name = Debug;
		};
		8E43F9EC8E13E0E8FAFA68B4 /* Debug */ = {
			isa = XCBuildConfiguration;
			buildSettings = {
				INFOPLIST_KEY_CFBundleDisplayName = KboLiveWidget;
				INFOPLIST_KEY_NSExtensionPointIdentifier = "com.apple.widgetkit-extension";
				INFOPLIST_KEY_NSExtensionPrincipalClass = "";
				LD_RUNPATH_SEARCH_PATHS = (
					"$(inherited)",
					"@executable_path/Frameworks",
					"@executable_path/../../Frameworks",
				);
				PRODUCT_BUNDLE_IDENTIFIER = "com.suhohan.kbo-live.widget";
				PRODUCT_NAME = KboLiveWidget;
				SDKROOT = iphoneos;
				SKIP_INSTALL = YES;
				TARGETED_DEVICE_FAMILY = "1,2";
			};
			name = Debug;
		};
		ABEA1EF4FF5C58FF3A09D540 /* Release */ = {
			isa = XCBuildConfiguration;
			buildSettings = {
				ASSETCATALOG_COMPILER_APPICON_NAME = AppIcon;
				CODE_SIGN_IDENTITY = "iPhone Developer";
				INFOPLIST_KEY_CFBundleDisplayName = KboLive;
				INFOPLIST_KEY_NSSupportsLiveActivities = YES;
				INFOPLIST_KEY_UIApplicationSceneManifest_Generation = YES;
				INFOPLIST_KEY_UIApplicationSupportsIndirectInputEvents = YES;
				INFOPLIST_KEY_UILaunchScreen_Generation = YES;
				INFOPLIST_KEY_UISupportedInterfaceOrientations_iPad = (
					UIInterfaceOrientationPortrait,
					UIInterfaceOrientationPortraitUpsideDown,
					UIInterfaceOrientationLandscapeLeft,
					UIInterfaceOrientationLandscapeRight,
				);
				INFOPLIST_KEY_UISupportedInterfaceOrientations_iPhone = (
					UIInterfaceOrientationPortrait,
					UIInterfaceOrientationLandscapeLeft,
					UIInterfaceOrientationLandscapeRight,
				);
				LD_RUNPATH_SEARCH_PATHS = (
					"$(inherited)",
					"@executable_path/Frameworks",
				);
				PRODUCT_BUNDLE_IDENTIFIER = "com.suhohan.kbo-live.ios";
				PRODUCT_NAME = KboLive;
				SDKROOT = iphoneos;
				TARGETED_DEVICE_FAMILY = "1,2";
			};
			name = Release;
		};
		AC6B59B40AF697EA0E96CDFE /* Release */ = {
			isa = XCBuildConfiguration;
			buildSettings = {
				INFOPLIST_KEY_CFBundleDisplayName = KboLiveWidget;
				INFOPLIST_KEY_NSExtensionPointIdentifier = "com.apple.widgetkit-extension";
				INFOPLIST_KEY_NSExtensionPrincipalClass = "";
				LD_RUNPATH_SEARCH_PATHS = (
					"$(inherited)",
					"@executable_path/Frameworks",
					"@executable_path/../../Frameworks",
				);
				PRODUCT_BUNDLE_IDENTIFIER = "com.suhohan.kbo-live.widget";
				PRODUCT_NAME = KboLiveWidget;
				SDKROOT = iphoneos;
				SKIP_INSTALL = YES;
				TARGETED_DEVICE_FAMILY = "1,2";
			};
			name = Release;
		};
		B1586E52E0588B14C749BB8F /* Debug */ = {
			isa = XCBuildConfiguration;
			buildSettings = {
				ALWAYS_SEARCH_USER_PATHS = NO;
				CLANG_ANALYZER_NONNULL = YES;
				CLANG_ANALYZER_NUMBER_OBJECT_CONVERSION = YES_AGGRESSIVE;
				CLANG_CXX_LANGUAGE_STANDARD = "gnu++14";
				CLANG_CXX_LIBRARY = "libc++";
				CLANG_ENABLE_MODULES = YES;
				CLANG_ENABLE_OBJC_ARC = YES;
				CLANG_ENABLE_OBJC_WEAK = YES;
				CLANG_WARN_BLOCK_CAPTURE_AUTORELEASING = YES;
				CLANG_WARN_BOOL_CONVERSION = YES;
				CLANG_WARN_COMMA = YES;
				CLANG_WARN_CONSTANT_CONVERSION = YES;
				CLANG_WARN_DEPRECATED_OBJC_IMPLEMENTATIONS = YES;
				CLANG_WARN_DIRECT_OBJC_ISA_USAGE = YES_ERROR;
				CLANG_WARN_DOCUMENTATION_COMMENTS = YES;
				CLANG_WARN_EMPTY_BODY = YES;
				CLANG_WARN_ENUM_CONVERSION = YES;
				CLANG_WARN_INFINITE_RECURSION = YES;
				CLANG_WARN_INT_CONVERSION = YES;
				CLANG_WARN_NON_LITERAL_NULL_CONVERSION = YES;
				CLANG_WARN_OBJC_IMPLICIT_RETAIN_SELF = YES;
				CLANG_WARN_OBJC_LITERAL_CONVERSION = YES;
				CLANG_WARN_OBJC_ROOT_CLASS = YES_ERROR;
				CLANG_WARN_QUOTED_INCLUDE_IN_FRAMEWORK_HEADER = YES;
				CLANG_WARN_RANGE_LOOP_ANALYSIS = YES;
				CLANG_WARN_STRICT_PROTOTYPES = YES;
				CLANG_WARN_SUSPICIOUS_MOVE = YES;
				CLANG_WARN_UNGUARDED_AVAILABILITY = YES_AGGRESSIVE;
				CLANG_WARN_UNREACHABLE_CODE = YES;
				CLANG_WARN__DUPLICATE_METHOD_MATCH = YES;
				COPY_PHASE_STRIP = NO;
				CURRENT_PROJECT_VERSION = 1;
				DEBUG_INFORMATION_FORMAT = dwarf;
				ENABLE_STRICT_OBJC_MSGSEND = YES;
				ENABLE_TESTABILITY = YES;
				GCC_C_LANGUAGE_STANDARD = gnu11;
				GCC_DYNAMIC_NO_PIC = NO;
				GCC_NO_COMMON_BLOCKS = YES;
				GCC_OPTIMIZATION_LEVEL = 0;
				GCC_PREPROCESSOR_DEFINITIONS = (
					"$(inherited)",
					"DEBUG=1",
				);
				GCC_WARN_64_TO_32_BIT_CONVERSION = YES;
				GCC_WARN_ABOUT_RETURN_TYPE = YES_ERROR;
				GCC_WARN_UNDECLARED_SELECTOR = YES;
				GCC_WARN_UNINITIALIZED_AUTOS = YES_AGGRESSIVE;
				GCC_WARN_UNUSED_FUNCTION = YES;
				GCC_WARN_UNUSED_VARIABLE = YES;
				GENERATE_INFOPLIST_FILE = YES;
				IPHONEOS_DEPLOYMENT_TARGET = 18.0;
				MACOSX_DEPLOYMENT_TARGET = 15.0;
				MARKETING_VERSION = 0.1.0;
				MTL_ENABLE_DEBUG_INFO = INCLUDE_SOURCE;
				MTL_FAST_MATH = YES;
				ONLY_ACTIVE_ARCH = YES;
				PRODUCT_NAME = "$(TARGET_NAME)";
				SWIFT_ACTIVE_COMPILATION_CONDITIONS = DEBUG;
				SWIFT_OPTIMIZATION_LEVEL = "-Onone";
				SWIFT_VERSION = 6.0;
			};
			name = Debug;
		};
/* End XCBuildConfiguration section */

/* Begin XCConfigurationList section */
		1FDD86F768D0A96CDEAF8587 /* Build configuration list for PBXProject "KboLiveApp" */ = {
			isa = XCConfigurationList;
			buildConfigurations = (
				B1586E52E0588B14C749BB8F /* Debug */,
				1AD721045E34CB17DDA60CBE /* Release */,
			);
			defaultConfigurationIsVisible = 0;
			defaultConfigurationName = Debug;
		};
		2098B980789782D44A59DC9E /* Build configuration list for PBXNativeTarget "KboLivemacOS" */ = {
			isa = XCConfigurationList;
			buildConfigurations = (
				280A882942597B027ABE93D5 /* Debug */,
				10732BBCD0804C2FA336F84C /* Release */,
			);
			defaultConfigurationIsVisible = 0;
			defaultConfigurationName = Debug;
		};
		6149C56DEC7519646936612F /* Build configuration list for PBXNativeTarget "KboLiveiOS" */ = {
			isa = XCConfigurationList;
			buildConfigurations = (
				1FE245166E905A25BF7D883C /* Debug */,
				ABEA1EF4FF5C58FF3A09D540 /* Release */,
			);
			defaultConfigurationIsVisible = 0;
			defaultConfigurationName = Debug;
		};
		F700795CC714A41E4806CE92 /* Build configuration list for PBXNativeTarget "KboLiveWidgetExtension" */ = {
			isa = XCConfigurationList;
			buildConfigurations = (
				8E43F9EC8E13E0E8FAFA68B4 /* Debug */,
				AC6B59B40AF697EA0E96CDFE /* Release */,
			);
			defaultConfigurationIsVisible = 0;
			defaultConfigurationName = Debug;
		};
/* End XCConfigurationList section */
	};
	rootObject = 5861B555379612906FE1F28A /* Project object */;
}
